// !$*UTF8*$!
{
	archiveVersion = 1;
	classes = {
	};
	objectVersion = 56;
	objects = {

/* Begin PBXBuildFile section */
		76B4FBF928CF70190014F69B /* ScrollView1App.swift in Sources */ = {isa = PBXBuildFile; fileRef = 76B4FBF828CF70190014F69B /* ScrollView1App.swift */; };
		76B4FBFB28CF70190014F69B /* ContentView.swift in Sources */ = {isa = PBXBuildFile; fileRef = 76B4FBFA28CF70190014F69B /* ContentView.swift */; };
		76B4FBFD28CF701A0014F69B /* Assets.xcassets in Resources */ = {isa = PBXBuildFile; fileRef = 76B4FBFC28CF701A0014F69B /* Assets.xcassets */; };
		76B4FC0028CF701A0014F69B /* Preview Assets.xcassets in Resources */ = {isa = PBXBuildFile; fileRef = 76B4FBFF28CF701A0014F69B /* Preview Assets.xcassets */; };
		76B4FC0828CF734F0014F69B /* SolidScroll in Frameworks */ = {isa = PBXBuildFile; productRef = 76B4FC0728CF734F0014F69B /* SolidScroll */; };
		76B4FC0A28CF735A0014F69B /* PagingView.swift in Sources */ = {isa = PBXBuildFile; fileRef = 76B4FC0928CF735A0014F69B /* PagingView.swift */; };
/* End PBXBuildFile section */

/* Begin PBXFileReference section */
		76B4FBF528CF70190014F69B /* ScrollView1.app */ = {isa = PBXFileReference; explicitFileType = wrapper.application; includeInIndex = 0; path = ScrollView1.app; sourceTree = BUILT_PRODUCTS_DIR; };
		76B4FBF828CF70190014F69B /* ScrollView1App.swift */ = {isa = PBXFileReference; lastKnownFileType = sourcecode.swift; path = ScrollView1App.swift; sourceTree = "<group>"; };
		76B4FBFA28CF70190014F69B /* ContentView.swift */ = {isa = PBXFileReference; lastKnownFileType = sourcecode.swift; path = ContentView.swift; sourceTree = "<group>"; };
		76B4FBFC28CF701A0014F69B /* Assets.xcassets */ = {isa = PBXFileReference; lastKnownFileType = folder.assetcatalog; path = Assets.xcassets; sourceTree = "<group>"; };
		76B4FBFF28CF701A0014F69B /* Preview Assets.xcassets */ = {isa = PBXFileReference; lastKnownFileType = folder.assetcatalog; path = "Preview Assets.xcassets"; sourceTree = "<group>"; };
		76B4FC0928CF735A0014F69B /* PagingView.swift */ = {isa = PBXFileReference; lastKnownFileType = sourcecode.swift; path = PagingView.swift; sourceTree = "<group>"; };
/* End PBXFileReference section */

/* Begin PBXFrameworksBuildPhase section */
		76B4FBF228CF70190014F69B /* Frameworks */ = {
			isa = PBXFrameworksBuildPhase;
			buildActionMask = 2147483647;
			files = (
				76B4FC0828CF734F0014F69B /* SolidScroll in Frameworks */,
			);
			runOnlyForDeploymentPostprocessing = 0;
		};
/* End PBXFrameworksBuildPhase section */

/* Begin PBXGroup section */
		76B4FBEC28CF70190014F69B = {
			isa = PBXGroup;
			children = (
				76B4FBF728CF70190014F69B /* ScrollView1 */,
				76B4FBF628CF70190014F69B /* Products */,
			);
			sourceTree = "<group>";
		};
		76B4FBF628CF70190014F69B /* Products */ = {
			isa = PBXGroup;
			children = (
				76B4FBF528CF70190014F69B /* ScrollView1.app */,
			);
			name = Products;
			sourceTree = "<group>";
		};
		76B4FBF728CF70190014F69B /* ScrollView1 */ = {
			isa = PBXGroup;
			children = (
				76B4FBF828CF70190014F69B /* ScrollView1App.swift */,
				76B4FBFA28CF70190014F69B /* ContentView.swift */,
				76B4FC0928CF735A0014F69B /* PagingView.swift */,
				76B4FBFC28CF701A0014F69B /* Assets.xcassets */,
				76B4FBFE28CF701A0014F69B /* Preview Content */,
			);
			path = ScrollView1;
			sourceTree = "<group>";
		};
		76B4FBFE28CF701A0014F69B /* Preview Content */ = {
			isa = PBXGroup;
			children = (
				76B4FBFF28CF701A0014F69B /* Preview Assets.xcassets */,
			);
			path = "Preview Content";
			sourceTree = "<group>";
		};
/* End PBXGroup section */

/* Begin PBXNativeTarget section */
		76B4FBF428CF70190014F69B /* ScrollView1 */ = {
			isa = PBXNativeTarget;
			buildConfigurationList = 76B4FC0328CF701A0014F69B /* Build configuration list for PBXNativeTarget "ScrollView1" */;
			buildPhases = (
				76B4FBF128CF70190014F69B /* Sources */,
				76B4FBF228CF70190014F69B /* Frameworks */,
				76B4FBF328CF70190014F69B /* Resources */,
			);
			buildRules = (
			);
			dependencies = (
			);
			name = ScrollView1;
			packageProductDependencies = (
				76B4FC0728CF734F0014F69B /* SolidScroll */,
			);
			productName = ScrollView1;
			productReference = 76B4FBF528CF70190014F69B /* ScrollView1.app */;
			productType = "com.apple.product-type.application";
		};
/* End PBXNativeTarget section */

/* Begin PBXProject section */
		76B4FBED28CF70190014F69B /* Project object */ = {
			isa = PBXProject;
			attributes = {
				BuildIndependentTargetsInParallel = 1;
				LastSwiftUpdateCheck = 1400;
				LastUpgradeCheck = 1400;
				TargetAttributes = {
					76B4FBF428CF70190014F69B = {
						CreatedOnToolsVersion = 14.0;
					};
				};
			};
			buildConfigurationList = 76B4FBF028CF70190014F69B /* Build configuration list for PBXProject "ScrollView1" */;
			compatibilityVersion = "Xcode 14.0";
			developmentRegion = en;
			hasScannedForEncodings = 0;
			knownRegions = (
				en,
				Base,
			);
			mainGroup = 76B4FBEC28CF70190014F69B;
			packageReferences = (
				76B4FC0628CF734F0014F69B /* XCRemoteSwiftPackageReference "SolidScroll" */,
			);
			productRefGroup = 76B4FBF628CF70190014F69B /* Products */;
			projectDirPath = "";
			projectRoot = "";
			targets = (
				76B4FBF428CF70190014F69B /* ScrollView1 */,
			);
		};
/* End PBXProject section */

/* Begin PBXResourcesBuildPhase section */
		76B4FBF328CF70190014F69B /* Resources */ = {
			isa = PBXResourcesBuildPhase;
			buildActionMask = 2147483647;
			files = (
				76B4FC0028CF701A0014F69B /* Preview Assets.xcassets in Resources */,
				76B4FBFD28CF701A0014F69B /* Assets.xcassets in Resources */,
			);
			runOnlyForDeploymentPostprocessing = 0;
		};
/* End PBXResourcesBuildPhase section */

/* Begin PBXSourcesBuildPhase section */
		76B4FBF128CF70190014F69B /* Sources */ = {
			isa = PBXSourcesBuildPhase;
			buildActionMask = 2147483647;
			files = (
				76B4FC0A28CF735A0014F69B /* PagingView.swift in Sources */,
				76B4FBFB28CF70190014F69B /* ContentView.swift in Sources */,
				76B4FBF928CF70190014F69B /* ScrollView1App.swift in Sources */,
			);
			runOnlyForDeploymentPostprocessing = 0;
		};
/* End PBXSourcesBuildPhase section */

/* Begin XCBuildConfiguration section */
		76B4FC0128CF701A0014F69B /* Debug */ = {
			isa = XCBuildConfiguration;
			buildSettings = {
				ALWAYS_SEARCH_USER_PATHS = NO;
				CLANG_ANALYZER_NONNULL = YES;
				CLANG_ANALYZER_NUMBER_OBJECT_CONVERSION = YES_AGGRESSIVE;
				CLANG_CXX_LANGUAGE_STANDARD = "gnu++20";
				CLANG_ENABLE_MODULES = YES;
				CLANG_ENABLE_OBJC_ARC = YES;
				CLANG_ENABLE_OBJC_WEAK = YES;
				CLANG_WARN_BLOCK_CAPTURE_AUTORELEASING = YES;
				CLANG_WARN_BOOL_CONVERSION = YES;
				CLANG_WARN_COMMA = YES;
				CLANG_WARN_CONSTANT_CONVERSION = YES;
				CLANG_WARN_DEPRECATED_OBJC_IMPLEMENTATIONS = YES;
				CLANG_WARN_DIRECT_OBJC_ISA_USAGE = YES_ERROR;
				CLANG_WARN_DOCUMENTATION_COMMENTS = YES;
				CLANG_WARN_EMPTY_BODY = YES;
				CLANG_WARN_ENUM_CONVERSION = YES;
				CLANG_WARN_INFINITE_RECURSION = YES;
				CLANG_WARN_INT_CONVERSION = YES;
				CLANG_WARN_NON_LITERAL_NULL_CONVERSION = YES;
				CLANG_WARN_OBJC_IMPLICIT_RETAIN_SELF = YES;
				CLANG_WARN_OBJC_LITERAL_CONVERSION = YES;
				CLANG_WARN_OBJC_ROOT_CLASS = YES_ERROR;
				CLANG_WARN_QUOTED_INCLUDE_IN_FRAMEWORK_HEADER = YES;
				CLANG_WARN_RANGE_LOOP_ANALYSIS = YES;
				CLANG_WARN_STRICT_PROTOTYPES = YES;
				CLANG_WARN_SUSPICIOUS_MOVE = YES;
				CLANG_WARN_UNGUARDED_AVAILABILITY = YES_AGGRESSIVE;
				CLANG_WARN_UNREACHABLE_CODE = YES;
				CLANG_WARN__DUPLICATE_METHOD_MATCH = YES;
				COPY_PHASE_STRIP = NO;
				DEBUG_INFORMATION_FORMAT = dwarf;
				ENABLE_STRICT_OBJC_MSGSEND = YES;
				ENABLE_TESTABILITY = YES;
				GCC_C_LANGUAGE_STANDARD = gnu11;
				GCC_DYNAMIC_NO_PIC = NO;
				GCC_NO_COMMON_BLOCKS = YES;
				GCC_OPTIMIZATION_LEVEL = 0;
				GCC_PREPROCESSOR_DEFINITIONS = (
					"DEBUG=1",
					"$(inherited)",
				);
				GCC_WARN_64_TO_32_BIT_CONVERSION = YES;
				GCC_WARN_ABOUT_RETURN_TYPE = YES_ERROR;
				GCC_WARN_UNDECLARED_SELECTOR = YES;
				GCC_WARN_UNINITIALIZED_AUTOS = YES_AGGRESSIVE;
				GCC_WARN_UNUSED_FUNCTION = YES;
				GCC_WARN_UNUSED_VARIABLE = YES;
				IPHONEOS_DEPLOYMENT_TARGET = 16.0;
				MTL_ENABLE_DEBUG_INFO = INCLUDE_SOURCE;
				MTL_FAST_MATH = YES;
				ONLY_ACTIVE_ARCH = YES;
				SDKROOT = iphoneos;
				SWIFT_ACTIVE_COMPILATION_CONDITIONS = DEBUG;
				SWIFT_OPTIMIZATION_LEVEL = "-Onone";
			};
			name = Debug;
		};
		76B4FC0228CF701A0014F69B /* Release */ = {
			isa = XCBuildConfiguration;
			buildSettings = {
				ALWAYS_SEARCH_USER_PATHS = NO;
				CLANG_ANALYZER_NONNULL = YES;
				CLANG_ANALYZER_NUMBER_OBJECT_CONVERSION = YES_AGGRESSIVE;
				CLANG_CXX_LANGUAGE_STANDARD = "gnu++20";
				CLANG_ENABLE_MODULES = YES;
				CLANG_ENABLE_OBJC_ARC = YES;
				CLANG_ENABLE_OBJC_WEAK = YES;
				CLANG_WARN_BLOCK_CAPTURE_AUTORELEASING = YES;
				CLANG_WARN_BOOL_CONVERSION = YES;
				CLANG_WARN_COMMA = YES;
				CLANG_WARN_CONSTANT_CONVERSION = YES;
				CLANG_WARN_DEPRECATED_OBJC_IMPLEMENTATIONS = YES;
				CLANG_WARN_DIRECT_OBJC_ISA_USAGE = YES_ERROR;
				CLANG_WARN_DOCUMENTATION_COMMENTS = YES;
				CLANG_WARN_EMPTY_BODY = YES;
				CLANG_WARN_ENUM_CONVERSION = YES;
				CLANG_WARN_INFINITE_RECURSION = YES;
				CLANG_WARN_INT_CONVERSION = YES;
				CLANG_WARN_NON_LITERAL_NULL_CONVERSION = YES;
				CLANG_WARN_OBJC_IMPLICIT_RETAIN_SELF = YES;
				CLANG_WARN_OBJC_LITERAL_CONVERSION = YES;
				CLANG_WARN_OBJC_ROOT_CLASS = YES_ERROR;
				CLANG_WARN_QUOTED_INCLUDE_IN_FRAMEWORK_HEADER = YES;
				CLANG_WARN_RANGE_LOOP_ANALYSIS = YES;
				CLANG_WARN_STRICT_PROTOTYPES = YES;
				CLANG_WARN_SUSPICIOUS_MOVE = YES;
				CLANG_WARN_UNGUARDED_AVAILABILITY = YES_AGGRESSIVE;
				CLANG_WARN_UNREACHABLE_CODE = YES;
				CLANG_WARN__DUPLICATE_METHOD_MATCH = YES;
				COPY_PHASE_STRIP = NO;
				DEBUG_INFORMATION_FORMAT = "dwarf-with-dsym";
				ENABLE_NS_ASSERTIONS = NO;
				ENABLE_STRICT_OBJC_MSGSEND = YES;
				GCC_C_LANGUAGE_STANDARD = gnu11;
				GCC_NO_COMMON_BLOCKS = YES;
				GCC_WARN_64_TO_32_BIT_CONVERSION = YES;
				GCC_WARN_ABOUT_RETURN_TYPE = YES_ERROR;
				GCC_WARN_UNDECLARED_SELECTOR = YES;
				GCC_WARN_UNINITIALIZED_AUTOS = YES_AGGRESSIVE;
				GCC_WARN_UNUSED_FUNCTION = YES;
				GCC_WARN_UNUSED_VARIABLE = YES;
				IPHONEOS_DEPLOYMENT_TARGET = 16.0;
				MTL_ENABLE_DEBUG_INFO = NO;
				MTL_FAST_MATH = YES;
				SDKROOT = iphoneos;
				SWIFT_COMPILATION_MODE = wholemodule;
				SWIFT_OPTIMIZATION_LEVEL = "-O";
				VALIDATE_PRODUCT = YES;
			};
			name = Release;
		};
		76B4FC0428CF701A0014F69B /* Debug */ = {
			isa = XCBuildConfiguration;
			buildSettings = {
				ASSETCATALOG_COMPILER_APPICON_NAME = AppIcon;
				ASSETCATALOG_COMPILER_GLOBAL_ACCENT_COLOR_NAME = AccentColor;
				CODE_SIGN_STYLE = Automatic;
				CURRENT_PROJECT_VERSION = 1;
				DEVELOPMENT_ASSET_PATHS = "\"ScrollView1/Preview Content\"";
				DEVELOPMENT_TEAM = VFBLFL665K;
				ENABLE_PREVIEWS = YES;
				GENERATE_INFOPLIST_FILE = YES;
				INFOPLIST_KEY_UIApplicationSceneManifest_Generation = YES;
				INFOPLIST_KEY_UIApplicationSupportsIndirectInputEvents = YES;
				INFOPLIST_KEY_UILaunchScreen_Generation = YES;
				INFOPLIST_KEY_UISupportedInterfaceOrientations_iPad = "UIInterfaceOrientationPortrait UIInterfaceOrientationPortraitUpsideDown UIInterfaceOrientationLandscapeLeft UIInterfaceOrientationLandscapeRight";
				INFOPLIST_KEY_UISupportedInterfaceOrientations_iPhone = "UIInterfaceOrientationPortrait UIInterfaceOrientationLandscapeLeft UIInterfaceOrientationLandscapeRight";
				LD_RUNPATH_SEARCH_PATHS = (
					"$(inherited)",
					"@executable_path/Frameworks",
				);
				MARKETING_VERSION = 1.0;
				PRODUCT_BUNDLE_IDENTIFIER = com.fatbobman.ScrollView1;
				PRODUCT_NAME = "$(TARGET_NAME)";
				SWIFT_EMIT_LOC_STRINGS = YES;
				SWIFT_VERSION = 5.0;
				TARGETED_DEVICE_FAMILY = "1,2";
			};
			name = Debug;
		};
		76B4FC0528CF701A0014F69B /* Release */ = {
			isa = XCBuildConfiguration;
			buildSettings = {
				ASSETCATALOG_COMPILER_APPICON_NAME = AppIcon;
				ASSETCATALOG_COMPILER_GLOBAL_ACCENT_COLOR_NAME = AccentColor;
				CODE_SIGN_STYLE = Automatic;
				CURRENT_PROJECT_VERSION = 1;
				DEVELOPMENT_ASSET_PATHS = "\"ScrollView1/Preview Content\"";
				DEVELOPMENT_TEAM = VFBLFL665K;
				ENABLE_PREVIEWS = YES;
				GENERATE_INFOPLIST_FILE = YES;
				INFOPLIST_KEY_UIApplicationSceneManifest_Generation = YES;
				INFOPLIST_KEY_UIApplicationSupportsIndirectInputEvents = YES;
				INFOPLIST_KEY_UILaunchScreen_Generation = YES;
				INFOPLIST_KEY_UISupportedInterfaceOrientations_iPad = "UIInterfaceOrientationPortrait UIInterfaceOrientationPortraitUpsideDown UIInterfaceOrientationLandscapeLeft UIInterfaceOrientationLandscapeRight";
				INFOPLIST_KEY_UISupportedInterfaceOrientations_iPhone = "UIInterfaceOrientationPortrait UIInterfaceOrientationLandscapeLeft UIInterfaceOrientationLandscapeRight";
				LD_RUNPATH_SEARCH_PATHS = (
					"$(inherited)",
					"@executable_path/Frameworks",
				);
				MARKETING_VERSION = 1.0;
				PRODUCT_BUNDLE_IDENTIFIER = com.fatbobman.ScrollView1;
				PRODUCT_NAME = "$(TARGET_NAME)";
				SWIFT_EMIT_LOC_STRINGS = YES;
				SWIFT_VERSION = 5.0;
				TARGETED_DEVICE_FAMILY = "1,2";
			};
			name = Release;
		};
/* End XCBuildConfiguration section */

/* Begin XCConfigurationList section */
		76B4FBF028CF70190014F69B /* Build configuration list for PBXProject "ScrollView1" */ = {
			isa = XCConfigurationList;
			buildConfigurations = (
				76B4FC0128CF701A0014F69B /* Debug */,
				76B4FC0228CF701A0014F69B /* Release */,
			);
			defaultConfigurationIsVisible = 0;
			defaultConfigurationName = Release;
		};
		76B4FC0328CF701A0014F69B /* Build configuration list for PBXNativeTarget "ScrollView1" */ = {
			isa = XCConfigurationList;
			buildConfigurations = (
				76B4FC0428CF701A0014F69B /* Debug */,
				76B4FC0528CF701A0014F69B /* Release */,
			);
			defaultConfigurationIsVisible = 0;
			defaultConfigurationName = Release;
		};
/* End XCConfigurationList section */

/* Begin XCRemoteSwiftPackageReference section */
		76B4FC0628CF734F0014F69B /* XCRemoteSwiftPackageReference "SolidScroll" */ = {
			isa = XCRemoteSwiftPackageReference;
			repositoryURL = "https://github.com/edudnyk/SolidScroll.git";
			requirement = {
				kind = upToNextMajorVersion;
				minimumVersion = 0.0.1;
			};
		};
/* End XCRemoteSwiftPackageReference section */

/* Begin XCSwiftPackageProductDependency section */
		76B4FC0728CF734F0014F69B /* SolidScroll */ = {
			isa = XCSwiftPackageProductDependency;
			package = 76B4FC0628CF734F0014F69B /* XCRemoteSwiftPackageReference "SolidScroll" */;
			productName = SolidScroll;
		};
/* End XCSwiftPackageProductDependency section */
	};
	rootObject = 76B4FBED28CF70190014F69B /* Project object */;
}
