// !$*UTF8*$!
{
	archiveVersion = 1;
	classes = {
	};
	objectVersion = 55;
	objects = {

/* Begin PBXBuildFile section */
		7677296028DAF8CC0044863B /* Lazy_ForEach_BugApp.swift in Sources */ = {isa = PBXBuildFile; fileRef = 7677295F28DAF8CC0044863B /* Lazy_ForEach_BugApp.swift */; };
		7677296228DAF8CC0044863B /* ContentView.swift in Sources */ = {isa = PBXBuildFile; fileRef = 7677296128DAF8CC0044863B /* ContentView.swift */; };
		7677296428DAF8CD0044863B /* Assets.xcassets in Resources */ = {isa = PBXBuildFile; fileRef = 7677296328DAF8CD0044863B /* Assets.xcassets */; };
		7677296828DAF8CD0044863B /* Preview Assets.xcassets in Resources */ = {isa = PBXBuildFile; fileRef = 7677296728DAF8CD0044863B /* Preview Assets.xcassets */; };
		7677296F28DAF8EE0044863B /* Demo.swift in Sources */ = {isa = PBXBuildFile; fileRef = 7677296E28DAF8EE0044863B /* Demo.swift */; };
		76C0833828DBEBB800A02D72 /* Kingfisher in Frameworks */ = {isa = PBXBuildFile; productRef = 76C0833728DBEBB800A02D72 /* Kingfisher */; };
		76C0833A28DBEBCB00A02D72 /* KingfisherDemo.swift in Sources */ = {isa = PBXBuildFile; fileRef = 76C0833928DBEBCB00A02D72 /* KingfisherDemo.swift */; };
		76E7CA6F28DBD66D005720B6 /* AsyncDemo.swift in Sources */ = {isa = PBXBuildFile; fileRef = 76E7CA6E28DBD66D005720B6 /* AsyncDemo.swift */; };
/* End PBXBuildFile section */

/* Begin PBXFileReference section */
		7677295C28DAF8CC0044863B /* Lazy_ForEach_Bug.app */ = {isa = PBXFileReference; explicitFileType = wrapper.application; includeInIndex = 0; path = Lazy_ForEach_Bug.app; sourceTree = BUILT_PRODUCTS_DIR; };
		7677295F28DAF8CC0044863B /* Lazy_ForEach_BugApp.swift */ = {isa = PBXFileReference; lastKnownFileType = sourcecode.swift; path = Lazy_ForEach_BugApp.swift; sourceTree = "<group>"; };
		7677296128DAF8CC0044863B /* ContentView.swift */ = {isa = PBXFileReference; lastKnownFileType = sourcecode.swift; path = ContentView.swift; sourceTree = "<group>"; };
		7677296328DAF8CD0044863B /* Assets.xcassets */ = {isa = PBXFileReference; lastKnownFileType = folder.assetcatalog; path = Assets.xcassets; sourceTree = "<group>"; };
		7677296528DAF8CD0044863B /* Lazy_ForEach_Bug.entitlements */ = {isa = PBXFileReference; lastKnownFileType = text.plist.entitlements; path = Lazy_ForEach_Bug.entitlements; sourceTree = "<group>"; };
		7677296728DAF8CD0044863B /* Preview Assets.xcassets */ = {isa = PBXFileReference; lastKnownFileType = folder.assetcatalog; path = "Preview Assets.xcassets"; sourceTree = "<group>"; };
		7677296E28DAF8EE0044863B /* Demo.swift */ = {isa = PBXFileReference; lastKnownFileType = sourcecode.swift; path = Demo.swift; sourceTree = "<group>"; };
		76C0833928DBEBCB00A02D72 /* KingfisherDemo.swift */ = {isa = PBXFileReference; lastKnownFileType = sourcecode.swift; path = KingfisherDemo.swift; sourceTree = "<group>"; };
		76E7CA6E28DBD66D005720B6 /* AsyncDemo.swift */ = {isa = PBXFileReference; lastKnownFileType = sourcecode.swift; path = AsyncDemo.swift; sourceTree = "<group>"; };
/* End PBXFileReference section */

/* Begin PBXFrameworksBuildPhase section */
		7677295928DAF8CC0044863B /* Frameworks */ = {
			isa = PBXFrameworksBuildPhase;
			buildActionMask = 2147483647;
			files = (
				76C0833828DBEBB800A02D72 /* Kingfisher in Frameworks */,
			);
			runOnlyForDeploymentPostprocessing = 0;
		};
/* End PBXFrameworksBuildPhase section */

/* Begin PBXGroup section */
		7677295328DAF8CC0044863B = {
			isa = PBXGroup;
			children = (
				7677295E28DAF8CC0044863B /* Lazy_ForEach_Bug */,
				7677295D28DAF8CC0044863B /* Products */,
			);
			sourceTree = "<group>";
		};
		7677295D28DAF8CC0044863B /* Products */ = {
			isa = PBXGroup;
			children = (
				7677295C28DAF8CC0044863B /* Lazy_ForEach_Bug.app */,
			);
			name = Products;
			sourceTree = "<group>";
		};
		7677295E28DAF8CC0044863B /* Lazy_ForEach_Bug */ = {
			isa = PBXGroup;
			children = (
				7677295F28DAF8CC0044863B /* Lazy_ForEach_BugApp.swift */,
				7677296128DAF8CC0044863B /* ContentView.swift */,
				7677296E28DAF8EE0044863B /* Demo.swift */,
				76E7CA6E28DBD66D005720B6 /* AsyncDemo.swift */,
				76C0833928DBEBCB00A02D72 /* KingfisherDemo.swift */,
				7677296328DAF8CD0044863B /* Assets.xcassets */,
				7677296528DAF8CD0044863B /* Lazy_ForEach_Bug.entitlements */,
				7677296628DAF8CD0044863B /* Preview Content */,
			);
			path = Lazy_ForEach_Bug;
			sourceTree = "<group>";
		};
		7677296628DAF8CD0044863B /* Preview Content */ = {
			isa = PBXGroup;
			children = (
				7677296728DAF8CD0044863B /* Preview Assets.xcassets */,
			);
			path = "Preview Content";
			sourceTree = "<group>";
		};
/* End PBXGroup section */

/* Begin PBXNativeTarget section */
		7677295B28DAF8CC0044863B /* Lazy_ForEach_Bug */ = {
			isa = PBXNativeTarget;
			buildConfigurationList = 7677296B28DAF8CD0044863B /* Build configuration list for PBXNativeTarget "Lazy_ForEach_Bug" */;
			buildPhases = (
				7677295828DAF8CC0044863B /* Sources */,
				7677295928DAF8CC0044863B /* Frameworks */,
				7677295A28DAF8CC0044863B /* Resources */,
			);
			buildRules = (
			);
			dependencies = (
			);
			name = Lazy_ForEach_Bug;
			packageProductDependencies = (
				76C0833728DBEBB800A02D72 /* Kingfisher */,
			);
			productName = Lazy_ForEach_Bug;
			productReference = 7677295C28DAF8CC0044863B /* Lazy_ForEach_Bug.app */;
			productType = "com.apple.product-type.application";
		};
/* End PBXNativeTarget section */

/* Begin PBXProject section */
		7677295428DAF8CC0044863B /* Project object */ = {
			isa = PBXProject;
			attributes = {
				BuildIndependentTargetsInParallel = 1;
				LastSwiftUpdateCheck = 1400;
				LastUpgradeCheck = 1400;
				TargetAttributes = {
					7677295B28DAF8CC0044863B = {
						CreatedOnToolsVersion = 14.0;
					};
				};
			};
			buildConfigurationList = 7677295728DAF8CC0044863B /* Build configuration list for PBXProject "Lazy_ForEach_Bug" */;
			compatibilityVersion = "Xcode 13.0";
			developmentRegion = en;
			hasScannedForEncodings = 0;
			knownRegions = (
				en,
				Base,
			);
			mainGroup = 7677295328DAF8CC0044863B;
			packageReferences = (
				76C0833628DBEBB800A02D72 /* XCRemoteSwiftPackageReference "Kingfisher" */,
			);
			productRefGroup = 7677295D28DAF8CC0044863B /* Products */;
			projectDirPath = "";
			projectRoot = "";
			targets = (
				7677295B28DAF8CC0044863B /* Lazy_ForEach_Bug */,
			);
		};
/* End PBXProject section */

/* Begin PBXResourcesBuildPhase section */
		7677295A28DAF8CC0044863B /* Resources */ = {
			isa = PBXResourcesBuildPhase;
			buildActionMask = 2147483647;
			files = (
				7677296828DAF8CD0044863B /* Preview Assets.xcassets in Resources */,
				7677296428DAF8CD0044863B /* Assets.xcassets in Resources */,
			);
			runOnlyForDeploymentPostprocessing = 0;
		};
/* End PBXResourcesBuildPhase section */

/* Begin PBXSourcesBuildPhase section */
		7677295828DAF8CC0044863B /* Sources */ = {
			isa = PBXSourcesBuildPhase;
			buildActionMask = 2147483647;
			files = (
				7677296228DAF8CC0044863B /* ContentView.swift in Sources */,
				76E7CA6F28DBD66D005720B6 /* AsyncDemo.swift in Sources */,
				76C0833A28DBEBCB00A02D72 /* KingfisherDemo.swift in Sources */,
				7677296F28DAF8EE0044863B /* Demo.swift in Sources */,
				7677296028DAF8CC0044863B /* Lazy_ForEach_BugApp.swift in Sources */,
			);
			runOnlyForDeploymentPostprocessing = 0;
		};
/* End PBXSourcesBuildPhase section */

/* Begin XCBuildConfiguration section */
		7677296928DAF8CD0044863B /* Debug */ = {
			isa = XCBuildConfiguration;
			buildSettings = {
				ALWAYS_SEARCH_USER_PATHS = NO;
				CLANG_ANALYZER_NONNULL = YES;
				CLANG_ANALYZER_NUMBER_OBJECT_CONVERSION = YES_AGGRESSIVE;
				CLANG_CXX_LANGUAGE_STANDARD = "gnu++20";
				CLANG_ENABLE_MODULES = YES;
				CLANG_ENABLE_OBJC_ARC = YES;
				CLANG_ENABLE_OBJC_WEAK = YES;
				CLANG_WARN_BLOCK_CAPTURE_AUTORELEASING = YES;
				CLANG_WARN_BOOL_CONVERSION = YES;
				CLANG_WARN_COMMA = YES;
				CLANG_WARN_CONSTANT_CONVERSION = YES;
				CLANG_WARN_DEPRECATED_OBJC_IMPLEMENTATIONS = YES;
				CLANG_WARN_DIRECT_OBJC_ISA_USAGE = YES_ERROR;
				CLANG_WARN_DOCUMENTATION_COMMENTS = YES;
				CLANG_WARN_EMPTY_BODY = YES;
				CLANG_WARN_ENUM_CONVERSION = YES;
				CLANG_WARN_INFINITE_RECURSION = YES;
				CLANG_WARN_INT_CONVERSION = YES;
				CLANG_WARN_NON_LITERAL_NULL_CONVERSION = YES;
				CLANG_WARN_OBJC_IMPLICIT_RETAIN_SELF = YES;
				CLANG_WARN_OBJC_LITERAL_CONVERSION = YES;
				CLANG_WARN_OBJC_ROOT_CLASS = YES_ERROR;
				CLANG_WARN_QUOTED_INCLUDE_IN_FRAMEWORK_HEADER = YES;
				CLANG_WARN_RANGE_LOOP_ANALYSIS = YES;
				CLANG_WARN_STRICT_PROTOTYPES = YES;
				CLANG_WARN_SUSPICIOUS_MOVE = YES;
				CLANG_WARN_UNGUARDED_AVAILABILITY = YES_AGGRESSIVE;
				CLANG_WARN_UNREACHABLE_CODE = YES;
				CLANG_WARN__DUPLICATE_METHOD_MATCH = YES;
				COPY_PHASE_STRIP = NO;
				DEBUG_INFORMATION_FORMAT = dwarf;
				ENABLE_STRICT_OBJC_MSGSEND = YES;
				ENABLE_TESTABILITY = YES;
				GCC_C_LANGUAGE_STANDARD = gnu11;
				GCC_DYNAMIC_NO_PIC = NO;
				GCC_NO_COMMON_BLOCKS = YES;
				GCC_OPTIMIZATION_LEVEL = 0;
				GCC_PREPROCESSOR_DEFINITIONS = (
					"DEBUG=1",
					"$(inherited)",
				);
				GCC_WARN_64_TO_32_BIT_CONVERSION = YES;
				GCC_WARN_ABOUT_RETURN_TYPE = YES_ERROR;
				GCC_WARN_UNDECLARED_SELECTOR = YES;
				GCC_WARN_UNINITIALIZED_AUTOS = YES_AGGRESSIVE;
				GCC_WARN_UNUSED_FUNCTION = YES;
				GCC_WARN_UNUSED_VARIABLE = YES;
				IPHONEOS_DEPLOYMENT_TARGET = 15.5;
				MACOSX_DEPLOYMENT_TARGET = 12.0;
				MTL_ENABLE_DEBUG_INFO = INCLUDE_SOURCE;
				MTL_FAST_MATH = YES;
				ONLY_ACTIVE_ARCH = YES;
				SWIFT_ACTIVE_COMPILATION_CONDITIONS = DEBUG;
				SWIFT_OPTIMIZATION_LEVEL = "-Onone";
			};
			name = Debug;
		};
		7677296A28DAF8CD0044863B /* Release */ = {
			isa = XCBuildConfiguration;
			buildSettings = {
				ALWAYS_SEARCH_USER_PATHS = NO;
				CLANG_ANALYZER_NONNULL = YES;
				CLANG_ANALYZER_NUMBER_OBJECT_CONVERSION = YES_AGGRESSIVE;
				CLANG_CXX_LANGUAGE_STANDARD = "gnu++20";
				CLANG_ENABLE_MODULES = YES;
				CLANG_ENABLE_OBJC_ARC = YES;
				CLANG_ENABLE_OBJC_WEAK = YES;
				CLANG_WARN_BLOCK_CAPTURE_AUTORELEASING = YES;
				CLANG_WARN_BOOL_CONVERSION = YES;
				CLANG_WARN_COMMA = YES;
				CLANG_WARN_CONSTANT_CONVERSION = YES;
				CLANG_WARN_DEPRECATED_OBJC_IMPLEMENTATIONS = YES;
				CLANG_WARN_DIRECT_OBJC_ISA_USAGE = YES_ERROR;
				CLANG_WARN_DOCUMENTATION_COMMENTS = YES;
				CLANG_WARN_EMPTY_BODY = YES;
				CLANG_WARN_ENUM_CONVERSION = YES;
				CLANG_WARN_INFINITE_RECURSION = YES;
				CLANG_WARN_INT_CONVERSION = YES;
				CLANG_WARN_NON_LITERAL_NULL_CONVERSION = YES;
				CLANG_WARN_OBJC_IMPLICIT_RETAIN_SELF = YES;
				CLANG_WARN_OBJC_LITERAL_CONVERSION = YES;
				CLANG_WARN_OBJC_ROOT_CLASS = YES_ERROR;
				CLANG_WARN_QUOTED_INCLUDE_IN_FRAMEWORK_HEADER = YES;
				CLANG_WARN_RANGE_LOOP_ANALYSIS = YES;
				CLANG_WARN_STRICT_PROTOTYPES = YES;
				CLANG_WARN_SUSPICIOUS_MOVE = YES;
				CLANG_WARN_UNGUARDED_AVAILABILITY = YES_AGGRESSIVE;
				CLANG_WARN_UNREACHABLE_CODE = YES;
				CLANG_WARN__DUPLICATE_METHOD_MATCH = YES;
				COPY_PHASE_STRIP = NO;
				DEBUG_INFORMATION_FORMAT = "dwarf-with-dsym";
				ENABLE_NS_ASSERTIONS = NO;
				ENABLE_STRICT_OBJC_MSGSEND = YES;
				GCC_C_LANGUAGE_STANDARD = gnu11;
				GCC_NO_COMMON_BLOCKS = YES;
				GCC_WARN_64_TO_32_BIT_CONVERSION = YES;
				GCC_WARN_ABOUT_RETURN_TYPE = YES_ERROR;
				GCC_WARN_UNDECLARED_SELECTOR = YES;
				GCC_WARN_UNINITIALIZED_AUTOS = YES_AGGRESSIVE;
				GCC_WARN_UNUSED_FUNCTION = YES;
				GCC_WARN_UNUSED_VARIABLE = YES;
				IPHONEOS_DEPLOYMENT_TARGET = 15.5;
				MACOSX_DEPLOYMENT_TARGET = 12.0;
				MTL_ENABLE_DEBUG_INFO = NO;
				MTL_FAST_MATH = YES;
				SWIFT_COMPILATION_MODE = wholemodule;
				SWIFT_OPTIMIZATION_LEVEL = "-O";
			};
			name = Release;
		};
		7677296C28DAF8CD0044863B /* Debug */ = {
			isa = XCBuildConfiguration;
			buildSettings = {
				ASSETCATALOG_COMPILER_APPICON_NAME = AppIcon;
				ASSETCATALOG_COMPILER_GLOBAL_ACCENT_COLOR_NAME = AccentColor;
				CODE_SIGN_ENTITLEMENTS = Lazy_ForEach_Bug/Lazy_ForEach_Bug.entitlements;
				CODE_SIGN_STYLE = Automatic;
				CURRENT_PROJECT_VERSION = 1;
				DEVELOPMENT_ASSET_PATHS = "\"Lazy_ForEach_Bug/Preview Content\"";
				DEVELOPMENT_TEAM = VFBLFL665K;
				ENABLE_HARDENED_RUNTIME = YES;
				ENABLE_PREVIEWS = YES;
				GENERATE_INFOPLIST_FILE = YES;
				"INFOPLIST_KEY_UIApplicationSceneManifest_Generation[sdk=iphoneos*]" = YES;
				"INFOPLIST_KEY_UIApplicationSceneManifest_Generation[sdk=iphonesimulator*]" = YES;
				"INFOPLIST_KEY_UIApplicationSupportsIndirectInputEvents[sdk=iphoneos*]" = YES;
				"INFOPLIST_KEY_UIApplicationSupportsIndirectInputEvents[sdk=iphonesimulator*]" = YES;
				"INFOPLIST_KEY_UILaunchScreen_Generation[sdk=iphoneos*]" = YES;
				"INFOPLIST_KEY_UILaunchScreen_Generation[sdk=iphonesimulator*]" = YES;
				"INFOPLIST_KEY_UIStatusBarStyle[sdk=iphoneos*]" = UIStatusBarStyleDefault;
				"INFOPLIST_KEY_UIStatusBarStyle[sdk=iphonesimulator*]" = UIStatusBarStyleDefault;
				INFOPLIST_KEY_UISupportedInterfaceOrientations_iPad = "UIInterfaceOrientationPortrait UIInterfaceOrientationPortraitUpsideDown UIInterfaceOrientationLandscapeLeft UIInterfaceOrientationLandscapeRight";
				INFOPLIST_KEY_UISupportedInterfaceOrientations_iPhone = "UIInterfaceOrientationPortrait UIInterfaceOrientationLandscapeLeft UIInterfaceOrientationLandscapeRight";
				IPHONEOS_DEPLOYMENT_TARGET = 14.5;
				LD_RUNPATH_SEARCH_PATHS = "@executable_path/Frameworks";
				"LD_RUNPATH_SEARCH_PATHS[sdk=macosx*]" = "@executable_path/../Frameworks";
				MACOSX_DEPLOYMENT_TARGET = 12.3;
				MARKETING_VERSION = 1.0;
				PRODUCT_BUNDLE_IDENTIFIER = "com.fatbobman.Lazy-ForEach-Bug";
				PRODUCT_NAME = "$(TARGET_NAME)";
				SDKROOT = auto;
				SUPPORTED_PLATFORMS = "iphoneos iphonesimulator macosx";
				SWIFT_EMIT_LOC_STRINGS = YES;
				SWIFT_VERSION = 5.0;
				TARGETED_DEVICE_FAMILY = "1,2";
			};
			name = Debug;
		};
		7677296D28DAF8CD0044863B /* Release */ = {
			isa = XCBuildConfiguration;
			buildSettings = {
				ASSETCATALOG_COMPILER_APPICON_NAME = AppIcon;
				ASSETCATALOG_COMPILER_GLOBAL_ACCENT_COLOR_NAME = AccentColor;
				CODE_SIGN_ENTITLEMENTS = Lazy_ForEach_Bug/Lazy_ForEach_Bug.entitlements;
				CODE_SIGN_STYLE = Automatic;
				CURRENT_PROJECT_VERSION = 1;
				DEVELOPMENT_ASSET_PATHS = "\"Lazy_ForEach_Bug/Preview Content\"";
				DEVELOPMENT_TEAM = VFBLFL665K;
				ENABLE_HARDENED_RUNTIME = YES;
				ENABLE_PREVIEWS = YES;
				GENERATE_INFOPLIST_FILE = YES;
				"INFOPLIST_KEY_UIApplicationSceneManifest_Generation[sdk=iphoneos*]" = YES;
				"INFOPLIST_KEY_UIApplicationSceneManifest_Generation[sdk=iphonesimulator*]" = YES;
				"INFOPLIST_KEY_UIApplicationSupportsIndirectInputEvents[sdk=iphoneos*]" = YES;
				"INFOPLIST_KEY_UIApplicationSupportsIndirectInputEvents[sdk=iphonesimulator*]" = YES;
				"INFOPLIST_KEY_UILaunchScreen_Generation[sdk=iphoneos*]" = YES;
				"INFOPLIST_KEY_UILaunchScreen_Generation[sdk=iphonesimulator*]" = YES;
				"INFOPLIST_KEY_UIStatusBarStyle[sdk=iphoneos*]" = UIStatusBarStyleDefault;
				"INFOPLIST_KEY_UIStatusBarStyle[sdk=iphonesimulator*]" = UIStatusBarStyleDefault;
				INFOPLIST_KEY_UISupportedInterfaceOrientations_iPad = "UIInterfaceOrientationPortrait UIInterfaceOrientationPortraitUpsideDown UIInterfaceOrientationLandscapeLeft UIInterfaceOrientationLandscapeRight";
				INFOPLIST_KEY_UISupportedInterfaceOrientations_iPhone = "UIInterfaceOrientationPortrait UIInterfaceOrientationLandscapeLeft UIInterfaceOrientationLandscapeRight";
				IPHONEOS_DEPLOYMENT_TARGET = 14.5;
				LD_RUNPATH_SEARCH_PATHS = "@executable_path/Frameworks";
				"LD_RUNPATH_SEARCH_PATHS[sdk=macosx*]" = "@executable_path/../Frameworks";
				MACOSX_DEPLOYMENT_TARGET = 12.3;
				MARKETING_VERSION = 1.0;
				PRODUCT_BUNDLE_IDENTIFIER = "com.fatbobman.Lazy-ForEach-Bug";
				PRODUCT_NAME = "$(TARGET_NAME)";
				SDKROOT = auto;
				SUPPORTED_PLATFORMS = "iphoneos iphonesimulator macosx";
				SWIFT_EMIT_LOC_STRINGS = YES;
				SWIFT_VERSION = 5.0;
				TARGETED_DEVICE_FAMILY = "1,2";
			};
			name = Release;
		};
/* End XCBuildConfiguration section */

/* Begin XCConfigurationList section */
		7677295728DAF8CC0044863B /* Build configuration list for PBXProject "Lazy_ForEach_Bug" */ = {
			isa = XCConfigurationList;
			buildConfigurations = (
				7677296928DAF8CD0044863B /* Debug */,
				7677296A28DAF8CD0044863B /* Release */,
			);
			defaultConfigurationIsVisible = 0;
			defaultConfigurationName = Release;
		};
		7677296B28DAF8CD0044863B /* Build configuration list for PBXNativeTarget "Lazy_ForEach_Bug" */ = {
			isa = XCConfigurationList;
			buildConfigurations = (
				7677296C28DAF8CD0044863B /* Debug */,
				7677296D28DAF8CD0044863B /* Release */,
			);
			defaultConfigurationIsVisible = 0;
			defaultConfigurationName = Release;
		};
/* End XCConfigurationList section */

/* Begin XCRemoteSwiftPackageReference section */
		76C0833628DBEBB800A02D72 /* XCRemoteSwiftPackageReference "Kingfisher" */ = {
			isa = XCRemoteSwiftPackageReference;
			repositoryURL = "https://github.com/onevcat/Kingfisher.git";
			requirement = {
				kind = upToNextMajorVersion;
				minimumVersion = 7.0.0;
			};
		};
/* End XCRemoteSwiftPackageReference section */

/* Begin XCSwiftPackageProductDependency section */
		76C0833728DBEBB800A02D72 /* Kingfisher */ = {
			isa = XCSwiftPackageProductDependency;
			package = 76C0833628DBEBB800A02D72 /* XCRemoteSwiftPackageReference "Kingfisher" */;
			productName = Kingfisher;
		};
/* End XCSwiftPackageProductDependency section */
	};
	rootObject = 7677295428DAF8CC0044863B /* Project object */;
}
