// !$*UTF8*$!
{
	archiveVersion = 1;
	classes = {
	};
	objectVersion = 56;
	objects = {

/* Begin PBXBuildFile section */
		76320A322A37201400A702ED /* ScrollTransitionDemo.swift in Sources */ = {isa = PBXBuildFile; fileRef = 76320A312A37201400A702ED /* ScrollTransitionDemo.swift */; };
		76C0639D2A36951000BC6762 /* NewFeaturesOfScrollViewApp.swift in Sources */ = {isa = PBXBuildFile; fileRef = 76C0639C2A36951000BC6762 /* NewFeaturesOfScrollViewApp.swift */; };
		76C0639F2A36951000BC6762 /* ContentView.swift in Sources */ = {isa = PBXBuildFile; fileRef = 76C0639E2A36951000BC6762 /* ContentView.swift */; };
		76C063A12A36951100BC6762 /* Assets.xcassets in Resources */ = {isa = PBXBuildFile; fileRef = 76C063A02A36951100BC6762 /* Assets.xcassets */; };
		76C063A52A36951100BC6762 /* Preview Assets.xcassets in Resources */ = {isa = PBXBuildFile; fileRef = 76C063A42A36951100BC6762 /* Preview Assets.xcassets */; };
		76C063C92A36B9A800BC6762 /* ContentMarginsForScrollViewDemo.swift in Sources */ = {isa = PBXBuildFile; fileRef = 76C063C82A36B9A800BC6762 /* ContentMarginsForScrollViewDemo.swift */; };
		76C063CC2A36BA2400BC6762 /* CellView.swift in Sources */ = {isa = PBXBuildFile; fileRef = 76C063CB2A36BA2400BC6762 /* CellView.swift */; };
		76C063CE2A36BB2500BC6762 /* IDView.swift in Sources */ = {isa = PBXBuildFile; fileRef = 76C063CD2A36BB2500BC6762 /* IDView.swift */; };
		76C063D02A36C40200BC6762 /* SafeAreaPaddingDemo.swift in Sources */ = {isa = PBXBuildFile; fileRef = 76C063CF2A36C40200BC6762 /* SafeAreaPaddingDemo.swift */; };
		76C063D22A36CDFA00BC6762 /* ScrollTargetBehaviorDemo.swift in Sources */ = {isa = PBXBuildFile; fileRef = 76C063D12A36CDFA00BC6762 /* ScrollTargetBehaviorDemo.swift */; };
		76C063D42A36D08000BC6762 /* Item.swift in Sources */ = {isa = PBXBuildFile; fileRef = 76C063D32A36D08000BC6762 /* Item.swift */; };
		76C063D62A36E4E500BC6762 /* ScrollIndicatorsFlashDemo.swift in Sources */ = {isa = PBXBuildFile; fileRef = 76C063D52A36E4E500BC6762 /* ScrollIndicatorsFlashDemo.swift */; };
		76C063D82A36E8AF00BC6762 /* ScrollClipDisableDemo.swift in Sources */ = {isa = PBXBuildFile; fileRef = 76C063D72A36E8AF00BC6762 /* ScrollClipDisableDemo.swift */; };
		76C063DA2A36F03500BC6762 /* defaultScrollAnchorDemo.swift in Sources */ = {isa = PBXBuildFile; fileRef = 76C063D92A36F03500BC6762 /* defaultScrollAnchorDemo.swift */; };
		76C063DC2A36F81200BC6762 /* ScrollPostionIDDemo.swift in Sources */ = {isa = PBXBuildFile; fileRef = 76C063DB2A36F81200BC6762 /* ScrollPostionIDDemo.swift */; };
		76C063DE2A370E2900BC6762 /* CoordinatorDemo.swift in Sources */ = {isa = PBXBuildFile; fileRef = 76C063DD2A370E2900BC6762 /* CoordinatorDemo.swift */; };
/* End PBXBuildFile section */

/* Begin PBXFileReference section */
		76320A312A37201400A702ED /* ScrollTransitionDemo.swift */ = {isa = PBXFileReference; lastKnownFileType = sourcecode.swift; path = ScrollTransitionDemo.swift; sourceTree = "<group>"; };
		76C063992A36951000BC6762 /* NewFeaturesOfScrollView.app */ = {isa = PBXFileReference; explicitFileType = wrapper.application; includeInIndex = 0; path = NewFeaturesOfScrollView.app; sourceTree = BUILT_PRODUCTS_DIR; };
		76C0639C2A36951000BC6762 /* NewFeaturesOfScrollViewApp.swift */ = {isa = PBXFileReference; lastKnownFileType = sourcecode.swift; path = NewFeaturesOfScrollViewApp.swift; sourceTree = "<group>"; };
		76C0639E2A36951000BC6762 /* ContentView.swift */ = {isa = PBXFileReference; lastKnownFileType = sourcecode.swift; path = ContentView.swift; sourceTree = "<group>"; };
		76C063A02A36951100BC6762 /* Assets.xcassets */ = {isa = PBXFileReference; lastKnownFileType = folder.assetcatalog; path = Assets.xcassets; sourceTree = "<group>"; };
		76C063A22A36951100BC6762 /* NewFeaturesOfScrollView.entitlements */ = {isa = PBXFileReference; lastKnownFileType = text.plist.entitlements; path = NewFeaturesOfScrollView.entitlements; sourceTree = "<group>"; };
		76C063A42A36951100BC6762 /* Preview Assets.xcassets */ = {isa = PBXFileReference; lastKnownFileType = folder.assetcatalog; path = "Preview Assets.xcassets"; sourceTree = "<group>"; };
		76C063C82A36B9A800BC6762 /* ContentMarginsForScrollViewDemo.swift */ = {isa = PBXFileReference; lastKnownFileType = sourcecode.swift; path = ContentMarginsForScrollViewDemo.swift; sourceTree = "<group>"; };
		76C063CB2A36BA2400BC6762 /* CellView.swift */ = {isa = PBXFileReference; lastKnownFileType = sourcecode.swift; path = CellView.swift; sourceTree = "<group>"; };
		76C063CD2A36BB2500BC6762 /* IDView.swift */ = {isa = PBXFileReference; lastKnownFileType = sourcecode.swift; path = IDView.swift; sourceTree = "<group>"; };
		76C063CF2A36C40200BC6762 /* SafeAreaPaddingDemo.swift */ = {isa = PBXFileReference; lastKnownFileType = sourcecode.swift; path = SafeAreaPaddingDemo.swift; sourceTree = "<group>"; };
		76C063D12A36CDFA00BC6762 /* ScrollTargetBehaviorDemo.swift */ = {isa = PBXFileReference; lastKnownFileType = sourcecode.swift; path = ScrollTargetBehaviorDemo.swift; sourceTree = "<group>"; };
		76C063D32A36D08000BC6762 /* Item.swift */ = {isa = PBXFileReference; lastKnownFileType = sourcecode.swift; path = Item.swift; sourceTree = "<group>"; };
		76C063D52A36E4E500BC6762 /* ScrollIndicatorsFlashDemo.swift */ = {isa = PBXFileReference; lastKnownFileType = sourcecode.swift; path = ScrollIndicatorsFlashDemo.swift; sourceTree = "<group>"; };
		76C063D72A36E8AF00BC6762 /* ScrollClipDisableDemo.swift */ = {isa = PBXFileReference; lastKnownFileType = sourcecode.swift; path = ScrollClipDisableDemo.swift; sourceTree = "<group>"; };
		76C063D92A36F03500BC6762 /* defaultScrollAnchorDemo.swift */ = {isa = PBXFileReference; lastKnownFileType = sourcecode.swift; path = defaultScrollAnchorDemo.swift; sourceTree = "<group>"; };
		76C063DB2A36F81200BC6762 /* ScrollPostionIDDemo.swift */ = {isa = PBXFileReference; lastKnownFileType = sourcecode.swift; path = ScrollPostionIDDemo.swift; sourceTree = "<group>"; };
		76C063DD2A370E2900BC6762 /* CoordinatorDemo.swift */ = {isa = PBXFileReference; lastKnownFileType = sourcecode.swift; path = CoordinatorDemo.swift; sourceTree = "<group>"; };
/* End PBXFileReference section */

/* Begin PBXFrameworksBuildPhase section */
		76C063962A36951000BC6762 /* Frameworks */ = {
			isa = PBXFrameworksBuildPhase;
			buildActionMask = 2147483647;
			files = (
			);
			runOnlyForDeploymentPostprocessing = 0;
		};
/* End PBXFrameworksBuildPhase section */

/* Begin PBXGroup section */
		76C063902A36951000BC6762 = {
			isa = PBXGroup;
			children = (
				76C0639B2A36951000BC6762 /* NewFeaturesOfScrollView */,
				76C0639A2A36951000BC6762 /* Products */,
			);
			sourceTree = "<group>";
		};
		76C0639A2A36951000BC6762 /* Products */ = {
			isa = PBXGroup;
			children = (
				76C063992A36951000BC6762 /* NewFeaturesOfScrollView.app */,
			);
			name = Products;
			sourceTree = "<group>";
		};
		76C0639B2A36951000BC6762 /* NewFeaturesOfScrollView */ = {
			isa = PBXGroup;
			children = (
				76C0639C2A36951000BC6762 /* NewFeaturesOfScrollViewApp.swift */,
				76C0639E2A36951000BC6762 /* ContentView.swift */,
				76C063CA2A36B9F000BC6762 /* Utils */,
				76C063C72A36B99700BC6762 /* Demo */,
				76C063A02A36951100BC6762 /* Assets.xcassets */,
				76C063A22A36951100BC6762 /* NewFeaturesOfScrollView.entitlements */,
				76C063A32A36951100BC6762 /* Preview Content */,
			);
			path = NewFeaturesOfScrollView;
			sourceTree = "<group>";
		};
		76C063A32A36951100BC6762 /* Preview Content */ = {
			isa = PBXGroup;
			children = (
				76C063A42A36951100BC6762 /* Preview Assets.xcassets */,
			);
			path = "Preview Content";
			sourceTree = "<group>";
		};
		76C063C72A36B99700BC6762 /* Demo */ = {
			isa = PBXGroup;
			children = (
				76C063C82A36B9A800BC6762 /* ContentMarginsForScrollViewDemo.swift */,
				76C063CF2A36C40200BC6762 /* SafeAreaPaddingDemo.swift */,
				76C063D12A36CDFA00BC6762 /* ScrollTargetBehaviorDemo.swift */,
				76C063D92A36F03500BC6762 /* defaultScrollAnchorDemo.swift */,
				76C063DB2A36F81200BC6762 /* ScrollPostionIDDemo.swift */,
				76C063D52A36E4E500BC6762 /* ScrollIndicatorsFlashDemo.swift */,
				76C063D72A36E8AF00BC6762 /* ScrollClipDisableDemo.swift */,
				76C063DD2A370E2900BC6762 /* CoordinatorDemo.swift */,
				76320A312A37201400A702ED /* ScrollTransitionDemo.swift */,
			);
			path = Demo;
			sourceTree = "<group>";
		};
		76C063CA2A36B9F000BC6762 /* Utils */ = {
			isa = PBXGroup;
			children = (
				76C063CB2A36BA2400BC6762 /* CellView.swift */,
				76C063CD2A36BB2500BC6762 /* IDView.swift */,
				76C063D32A36D08000BC6762 /* Item.swift */,
			);
			path = Utils;
			sourceTree = "<group>";
		};
/* End PBXGroup section */

/* Begin PBXNativeTarget section */
		76C063982A36951000BC6762 /* NewFeaturesOfScrollView */ = {
			isa = PBXNativeTarget;
			buildConfigurationList = 76C063A82A36951100BC6762 /* Build configuration list for PBXNativeTarget "NewFeaturesOfScrollView" */;
			buildPhases = (
				76C063952A36951000BC6762 /* Sources */,
				76C063962A36951000BC6762 /* Frameworks */,
				76C063972A36951000BC6762 /* Resources */,
			);
			buildRules = (
			);
			dependencies = (
			);
			name = NewFeaturesOfScrollView;
			productName = NewFeaturesOfScrollView;
			productReference = 76C063992A36951000BC6762 /* NewFeaturesOfScrollView.app */;
			productType = "com.apple.product-type.application";
		};
/* End PBXNativeTarget section */

/* Begin PBXProject section */
		76C063912A36951000BC6762 /* Project object */ = {
			isa = PBXProject;
			attributes = {
				BuildIndependentTargetsInParallel = 1;
				LastSwiftUpdateCheck = 1500;
				LastUpgradeCheck = 1500;
				TargetAttributes = {
					76C063982A36951000BC6762 = {
						CreatedOnToolsVersion = 15.0;
					};
				};
			};
			buildConfigurationList = 76C063942A36951000BC6762 /* Build configuration list for PBXProject "NewFeaturesOfScrollView" */;
			compatibilityVersion = "Xcode 14.0";
			developmentRegion = en;
			hasScannedForEncodings = 0;
			knownRegions = (
				en,
				Base,
			);
			mainGroup = 76C063902A36951000BC6762;
			productRefGroup = 76C0639A2A36951000BC6762 /* Products */;
			projectDirPath = "";
			projectRoot = "";
			targets = (
				76C063982A36951000BC6762 /* NewFeaturesOfScrollView */,
			);
		};
/* End PBXProject section */

/* Begin PBXResourcesBuildPhase section */
		76C063972A36951000BC6762 /* Resources */ = {
			isa = PBXResourcesBuildPhase;
			buildActionMask = 2147483647;
			files = (
				76C063A52A36951100BC6762 /* Preview Assets.xcassets in Resources */,
				76C063A12A36951100BC6762 /* Assets.xcassets in Resources */,
			);
			runOnlyForDeploymentPostprocessing = 0;
		};
/* End PBXResourcesBuildPhase section */

/* Begin PBXSourcesBuildPhase section */
		76C063952A36951000BC6762 /* Sources */ = {
			isa = PBXSourcesBuildPhase;
			buildActionMask = 2147483647;
			files = (
				76320A322A37201400A702ED /* ScrollTransitionDemo.swift in Sources */,
				76C063D82A36E8AF00BC6762 /* ScrollClipDisableDemo.swift in Sources */,
				76C063D42A36D08000BC6762 /* Item.swift in Sources */,
				76C063DC2A36F81200BC6762 /* ScrollPostionIDDemo.swift in Sources */,
				76C063D02A36C40200BC6762 /* SafeAreaPaddingDemo.swift in Sources */,
				76C063DA2A36F03500BC6762 /* defaultScrollAnchorDemo.swift in Sources */,
				76C063CC2A36BA2400BC6762 /* CellView.swift in Sources */,
				76C0639F2A36951000BC6762 /* ContentView.swift in Sources */,
				76C063D22A36CDFA00BC6762 /* ScrollTargetBehaviorDemo.swift in Sources */,
				76C063CE2A36BB2500BC6762 /* IDView.swift in Sources */,
				76C0639D2A36951000BC6762 /* NewFeaturesOfScrollViewApp.swift in Sources */,
				76C063DE2A370E2900BC6762 /* CoordinatorDemo.swift in Sources */,
				76C063D62A36E4E500BC6762 /* ScrollIndicatorsFlashDemo.swift in Sources */,
				76C063C92A36B9A800BC6762 /* ContentMarginsForScrollViewDemo.swift in Sources */,
			);
			runOnlyForDeploymentPostprocessing = 0;
		};
/* End PBXSourcesBuildPhase section */

/* Begin XCBuildConfiguration section */
		76C063A62A36951100BC6762 /* Debug */ = {
			isa = XCBuildConfiguration;
			buildSettings = {
				ALWAYS_SEARCH_USER_PATHS = NO;
				ASSETCATALOG_COMPILER_GENERATE_SWIFT_ASSET_SYMBOL_EXTENSIONS = YES;
				CLANG_ANALYZER_NONNULL = YES;
				CLANG_ANALYZER_NUMBER_OBJECT_CONVERSION = YES_AGGRESSIVE;
				CLANG_CXX_LANGUAGE_STANDARD = "gnu++20";
				CLANG_ENABLE_MODULES = YES;
				CLANG_ENABLE_OBJC_ARC = YES;
				CLANG_ENABLE_OBJC_WEAK = YES;
				CLANG_WARN_BLOCK_CAPTURE_AUTORELEASING = YES;
				CLANG_WARN_BOOL_CONVERSION = YES;
				CLANG_WARN_COMMA = YES;
				CLANG_WARN_CONSTANT_CONVERSION = YES;
				CLANG_WARN_DEPRECATED_OBJC_IMPLEMENTATIONS = YES;
				CLANG_WARN_DIRECT_OBJC_ISA_USAGE = YES_ERROR;
				CLANG_WARN_DOCUMENTATION_COMMENTS = YES;
				CLANG_WARN_EMPTY_BODY = YES;
				CLANG_WARN_ENUM_CONVERSION = YES;
				CLANG_WARN_INFINITE_RECURSION = YES;
				CLANG_WARN_INT_CONVERSION = YES;
				CLANG_WARN_NON_LITERAL_NULL_CONVERSION = YES;
				CLANG_WARN_OBJC_IMPLICIT_RETAIN_SELF = YES;
				CLANG_WARN_OBJC_LITERAL_CONVERSION = YES;
				CLANG_WARN_OBJC_ROOT_CLASS = YES_ERROR;
				CLANG_WARN_QUOTED_INCLUDE_IN_FRAMEWORK_HEADER = YES;
				CLANG_WARN_RANGE_LOOP_ANALYSIS = YES;
				CLANG_WARN_STRICT_PROTOTYPES = YES;
				CLANG_WARN_SUSPICIOUS_MOVE = YES;
				CLANG_WARN_UNGUARDED_AVAILABILITY = YES_AGGRESSIVE;
				CLANG_WARN_UNREACHABLE_CODE = YES;
				CLANG_WARN__DUPLICATE_METHOD_MATCH = YES;
				COPY_PHASE_STRIP = NO;
				DEBUG_INFORMATION_FORMAT = dwarf;
				ENABLE_STRICT_OBJC_MSGSEND = YES;
				ENABLE_TESTABILITY = YES;
				ENABLE_USER_SCRIPT_SANDBOXING = YES;
				GCC_C_LANGUAGE_STANDARD = gnu17;
				GCC_DYNAMIC_NO_PIC = NO;
				GCC_NO_COMMON_BLOCKS = YES;
				GCC_OPTIMIZATION_LEVEL = 0;
				GCC_PREPROCESSOR_DEFINITIONS = (
					"DEBUG=1",
					"$(inherited)",
				);
				GCC_WARN_64_TO_32_BIT_CONVERSION = YES;
				GCC_WARN_ABOUT_RETURN_TYPE = YES_ERROR;
				GCC_WARN_UNDECLARED_SELECTOR = YES;
				GCC_WARN_UNINITIALIZED_AUTOS = YES_AGGRESSIVE;
				GCC_WARN_UNUSED_FUNCTION = YES;
				GCC_WARN_UNUSED_VARIABLE = YES;
				LOCALIZATION_PREFERS_STRING_CATALOGS = YES;
				MTL_ENABLE_DEBUG_INFO = INCLUDE_SOURCE;
				MTL_FAST_MATH = YES;
				ONLY_ACTIVE_ARCH = YES;
				SWIFT_ACTIVE_COMPILATION_CONDITIONS = "DEBUG $(inherited)";
				SWIFT_OPTIMIZATION_LEVEL = "-Onone";
			};
			name = Debug;
		};
		76C063A72A36951100BC6762 /* Release */ = {
			isa = XCBuildConfiguration;
			buildSettings = {
				ALWAYS_SEARCH_USER_PATHS = NO;
				ASSETCATALOG_COMPILER_GENERATE_SWIFT_ASSET_SYMBOL_EXTENSIONS = YES;
				CLANG_ANALYZER_NONNULL = YES;
				CLANG_ANALYZER_NUMBER_OBJECT_CONVERSION = YES_AGGRESSIVE;
				CLANG_CXX_LANGUAGE_STANDARD = "gnu++20";
				CLANG_ENABLE_MODULES = YES;
				CLANG_ENABLE_OBJC_ARC = YES;
				CLANG_ENABLE_OBJC_WEAK = YES;
				CLANG_WARN_BLOCK_CAPTURE_AUTORELEASING = YES;
				CLANG_WARN_BOOL_CONVERSION = YES;
				CLANG_WARN_COMMA = YES;
				CLANG_WARN_CONSTANT_CONVERSION = YES;
				CLANG_WARN_DEPRECATED_OBJC_IMPLEMENTATIONS = YES;
				CLANG_WARN_DIRECT_OBJC_ISA_USAGE = YES_ERROR;
				CLANG_WARN_DOCUMENTATION_COMMENTS = YES;
				CLANG_WARN_EMPTY_BODY = YES;
				CLANG_WARN_ENUM_CONVERSION = YES;
				CLANG_WARN_INFINITE_RECURSION = YES;
				CLANG_WARN_INT_CONVERSION = YES;
				CLANG_WARN_NON_LITERAL_NULL_CONVERSION = YES;
				CLANG_WARN_OBJC_IMPLICIT_RETAIN_SELF = YES;
				CLANG_WARN_OBJC_LITERAL_CONVERSION = YES;
				CLANG_WARN_OBJC_ROOT_CLASS = YES_ERROR;
				CLANG_WARN_QUOTED_INCLUDE_IN_FRAMEWORK_HEADER = YES;
				CLANG_WARN_RANGE_LOOP_ANALYSIS = YES;
				CLANG_WARN_STRICT_PROTOTYPES = YES;
				CLANG_WARN_SUSPICIOUS_MOVE = YES;
				CLANG_WARN_UNGUARDED_AVAILABILITY = YES_AGGRESSIVE;
				CLANG_WARN_UNREACHABLE_CODE = YES;
				CLANG_WARN__DUPLICATE_METHOD_MATCH = YES;
				COPY_PHASE_STRIP = NO;
				DEBUG_INFORMATION_FORMAT = "dwarf-with-dsym";
				ENABLE_NS_ASSERTIONS = NO;
				ENABLE_STRICT_OBJC_MSGSEND = YES;
				ENABLE_USER_SCRIPT_SANDBOXING = YES;
				GCC_C_LANGUAGE_STANDARD = gnu17;
				GCC_NO_COMMON_BLOCKS = YES;
				GCC_WARN_64_TO_32_BIT_CONVERSION = YES;
				GCC_WARN_ABOUT_RETURN_TYPE = YES_ERROR;
				GCC_WARN_UNDECLARED_SELECTOR = YES;
				GCC_WARN_UNINITIALIZED_AUTOS = YES_AGGRESSIVE;
				GCC_WARN_UNUSED_FUNCTION = YES;
				GCC_WARN_UNUSED_VARIABLE = YES;
				LOCALIZATION_PREFERS_STRING_CATALOGS = YES;
				MTL_ENABLE_DEBUG_INFO = NO;
				MTL_FAST_MATH = YES;
				SWIFT_COMPILATION_MODE = wholemodule;
			};
			name = Release;
		};
		76C063A92A36951100BC6762 /* Debug */ = {
			isa = XCBuildConfiguration;
			buildSettings = {
				ASSETCATALOG_COMPILER_APPICON_NAME = AppIcon;
				ASSETCATALOG_COMPILER_GLOBAL_ACCENT_COLOR_NAME = AccentColor;
				CODE_SIGN_ENTITLEMENTS = NewFeaturesOfScrollView/NewFeaturesOfScrollView.entitlements;
				CODE_SIGN_STYLE = Automatic;
				CURRENT_PROJECT_VERSION = 1;
				DEVELOPMENT_ASSET_PATHS = "\"NewFeaturesOfScrollView/Preview Content\"";
				DEVELOPMENT_TEAM = VFBLFL665K;
				ENABLE_HARDENED_RUNTIME = YES;
				ENABLE_PREVIEWS = YES;
				GENERATE_INFOPLIST_FILE = YES;
				"INFOPLIST_KEY_UIApplicationSceneManifest_Generation[sdk=iphoneos*]" = YES;
				"INFOPLIST_KEY_UIApplicationSceneManifest_Generation[sdk=iphonesimulator*]" = YES;
				"INFOPLIST_KEY_UIApplicationSupportsIndirectInputEvents[sdk=iphoneos*]" = YES;
				"INFOPLIST_KEY_UIApplicationSupportsIndirectInputEvents[sdk=iphonesimulator*]" = YES;
				"INFOPLIST_KEY_UILaunchScreen_Generation[sdk=iphoneos*]" = YES;
				"INFOPLIST_KEY_UILaunchScreen_Generation[sdk=iphonesimulator*]" = YES;
				"INFOPLIST_KEY_UIStatusBarStyle[sdk=iphoneos*]" = UIStatusBarStyleDefault;
				"INFOPLIST_KEY_UIStatusBarStyle[sdk=iphonesimulator*]" = UIStatusBarStyleDefault;
				INFOPLIST_KEY_UISupportedInterfaceOrientations_iPad = "UIInterfaceOrientationPortrait UIInterfaceOrientationPortraitUpsideDown UIInterfaceOrientationLandscapeLeft UIInterfaceOrientationLandscapeRight";
				INFOPLIST_KEY_UISupportedInterfaceOrientations_iPhone = "UIInterfaceOrientationPortrait UIInterfaceOrientationLandscapeLeft UIInterfaceOrientationLandscapeRight";
				IPHONEOS_DEPLOYMENT_TARGET = 17.0;
				LD_RUNPATH_SEARCH_PATHS = "@executable_path/Frameworks";
				"LD_RUNPATH_SEARCH_PATHS[sdk=macosx*]" = "@executable_path/../Frameworks";
				MACOSX_DEPLOYMENT_TARGET = 14.0;
				MARKETING_VERSION = 1.0;
				PRODUCT_BUNDLE_IDENTIFIER = com.fatbobman.NewFeaturesOfScrollView;
				PRODUCT_NAME = "$(TARGET_NAME)";
				SDKROOT = auto;
				SUPPORTED_PLATFORMS = "iphoneos iphonesimulator";
				SUPPORTS_MACCATALYST = NO;
				SUPPORTS_MAC_DESIGNED_FOR_IPHONE_IPAD = NO;
				SWIFT_EMIT_LOC_STRINGS = YES;
				SWIFT_VERSION = 5.0;
				TARGETED_DEVICE_FAMILY = "1,2";
			};
			name = Debug;
		};
		76C063AA2A36951100BC6762 /* Release */ = {
			isa = XCBuildConfiguration;
			buildSettings = {
				ASSETCATALOG_COMPILER_APPICON_NAME = AppIcon;
				ASSETCATALOG_COMPILER_GLOBAL_ACCENT_COLOR_NAME = AccentColor;
				CODE_SIGN_ENTITLEMENTS = NewFeaturesOfScrollView/NewFeaturesOfScrollView.entitlements;
				CODE_SIGN_STYLE = Automatic;
				CURRENT_PROJECT_VERSION = 1;
				DEVELOPMENT_ASSET_PATHS = "\"NewFeaturesOfScrollView/Preview Content\"";
				DEVELOPMENT_TEAM = VFBLFL665K;
				ENABLE_HARDENED_RUNTIME = YES;
				ENABLE_PREVIEWS = YES;
				GENERATE_INFOPLIST_FILE = YES;
				"INFOPLIST_KEY_UIApplicationSceneManifest_Generation[sdk=iphoneos*]" = YES;
				"INFOPLIST_KEY_UIApplicationSceneManifest_Generation[sdk=iphonesimulator*]" = YES;
				"INFOPLIST_KEY_UIApplicationSupportsIndirectInputEvents[sdk=iphoneos*]" = YES;
				"INFOPLIST_KEY_UIApplicationSupportsIndirectInputEvents[sdk=iphonesimulator*]" = YES;
				"INFOPLIST_KEY_UILaunchScreen_Generation[sdk=iphoneos*]" = YES;
				"INFOPLIST_KEY_UILaunchScreen_Generation[sdk=iphonesimulator*]" = YES;
				"INFOPLIST_KEY_UIStatusBarStyle[sdk=iphoneos*]" = UIStatusBarStyleDefault;
				"INFOPLIST_KEY_UIStatusBarStyle[sdk=iphonesimulator*]" = UIStatusBarStyleDefault;
				INFOPLIST_KEY_UISupportedInterfaceOrientations_iPad = "UIInterfaceOrientationPortrait UIInterfaceOrientationPortraitUpsideDown UIInterfaceOrientationLandscapeLeft UIInterfaceOrientationLandscapeRight";
				INFOPLIST_KEY_UISupportedInterfaceOrientations_iPhone = "UIInterfaceOrientationPortrait UIInterfaceOrientationLandscapeLeft UIInterfaceOrientationLandscapeRight";
				IPHONEOS_DEPLOYMENT_TARGET = 17.0;
				LD_RUNPATH_SEARCH_PATHS = "@executable_path/Frameworks";
				"LD_RUNPATH_SEARCH_PATHS[sdk=macosx*]" = "@executable_path/../Frameworks";
				MACOSX_DEPLOYMENT_TARGET = 14.0;
				MARKETING_VERSION = 1.0;
				PRODUCT_BUNDLE_IDENTIFIER = com.fatbobman.NewFeaturesOfScrollView;
				PRODUCT_NAME = "$(TARGET_NAME)";
				SDKROOT = auto;
				SUPPORTED_PLATFORMS = "iphoneos iphonesimulator";
				SUPPORTS_MACCATALYST = NO;
				SUPPORTS_MAC_DESIGNED_FOR_IPHONE_IPAD = NO;
				SWIFT_EMIT_LOC_STRINGS = YES;
				SWIFT_VERSION = 5.0;
				TARGETED_DEVICE_FAMILY = "1,2";
			};
			name = Release;
		};
/* End XCBuildConfiguration section */

/* Begin XCConfigurationList section */
		76C063942A36951000BC6762 /* Build configuration list for PBXProject "NewFeaturesOfScrollView" */ = {
			isa = XCConfigurationList;
			buildConfigurations = (
				76C063A62A36951100BC6762 /* Debug */,
				76C063A72A36951100BC6762 /* Release */,
			);
			defaultConfigurationIsVisible = 0;
			defaultConfigurationName = Release;
		};
		76C063A82A36951100BC6762 /* Build configuration list for PBXNativeTarget "NewFeaturesOfScrollView" */ = {
			isa = XCConfigurationList;
			buildConfigurations = (
				76C063A92A36951100BC6762 /* Debug */,
				76C063AA2A36951100BC6762 /* Release */,
			);
			defaultConfigurationIsVisible = 0;
			defaultConfigurationName = Release;
		};
/* End XCConfigurationList section */
	};
	rootObject = 76C063912A36951000BC6762 /* Project object */;
}
