// !$*UTF8*$!
{
	archiveVersion = 1;
	classes = {
	};
	objectVersion = 56;
	objects = {

/* Begin PBXBuildFile section */
		76B8C1E028740AC500CFC93D /* My_FrameApp.swift in Sources */ = {isa = PBXBuildFile; fileRef = 76B8C1DF28740AC500CFC93D /* My_FrameApp.swift */; };
		76B8C1E228740AC500CFC93D /* ContentView.swift in Sources */ = {isa = PBXBuildFile; fileRef = 76B8C1E128740AC500CFC93D /* ContentView.swift */; };
		76B8C1E428740AC600CFC93D /* Assets.xcassets in Resources */ = {isa = PBXBuildFile; fileRef = 76B8C1E328740AC600CFC93D /* Assets.xcassets */; };
		76B8C1E828740AC600CFC93D /* Preview Assets.xcassets in Resources */ = {isa = PBXBuildFile; fileRef = 76B8C1E728740AC600CFC93D /* Preview Assets.xcassets */; };
		76B8C1EF28740B4100CFC93D /* FrameLayout.swift in Sources */ = {isa = PBXBuildFile; fileRef = 76B8C1EE28740B4100CFC93D /* FrameLayout.swift */; };
		76B8C1F128741F7B00CFC93D /* FlexFrameLayout.swift in Sources */ = {isa = PBXBuildFile; fileRef = 76B8C1F028741F7B00CFC93D /* FlexFrameLayout.swift */; };
		76B8C1F3287519C000CFC93D /* FixedSizeLayout.swift in Sources */ = {isa = PBXBuildFile; fileRef = 76B8C1F2287519C000CFC93D /* FixedSizeLayout.swift */; };
/* End PBXBuildFile section */

/* Begin PBXFileReference section */
		76B8C1DC28740AC500CFC93D /* My_Frame.app */ = {isa = PBXFileReference; explicitFileType = wrapper.application; includeInIndex = 0; path = My_Frame.app; sourceTree = BUILT_PRODUCTS_DIR; };
		76B8C1DF28740AC500CFC93D /* My_FrameApp.swift */ = {isa = PBXFileReference; lastKnownFileType = sourcecode.swift; path = My_FrameApp.swift; sourceTree = "<group>"; };
		76B8C1E128740AC500CFC93D /* ContentView.swift */ = {isa = PBXFileReference; lastKnownFileType = sourcecode.swift; path = ContentView.swift; sourceTree = "<group>"; };
		76B8C1E328740AC600CFC93D /* Assets.xcassets */ = {isa = PBXFileReference; lastKnownFileType = folder.assetcatalog; path = Assets.xcassets; sourceTree = "<group>"; };
		76B8C1E528740AC600CFC93D /* My_Frame.entitlements */ = {isa = PBXFileReference; lastKnownFileType = text.plist.entitlements; path = My_Frame.entitlements; sourceTree = "<group>"; };
		76B8C1E728740AC600CFC93D /* Preview Assets.xcassets */ = {isa = PBXFileReference; lastKnownFileType = folder.assetcatalog; path = "Preview Assets.xcassets"; sourceTree = "<group>"; };
		76B8C1EE28740B4100CFC93D /* FrameLayout.swift */ = {isa = PBXFileReference; lastKnownFileType = sourcecode.swift; path = FrameLayout.swift; sourceTree = "<group>"; };
		76B8C1F028741F7B00CFC93D /* FlexFrameLayout.swift */ = {isa = PBXFileReference; lastKnownFileType = sourcecode.swift; path = FlexFrameLayout.swift; sourceTree = "<group>"; };
		76B8C1F2287519C000CFC93D /* FixedSizeLayout.swift */ = {isa = PBXFileReference; lastKnownFileType = sourcecode.swift; path = FixedSizeLayout.swift; sourceTree = "<group>"; };
/* End PBXFileReference section */

/* Begin PBXFrameworksBuildPhase section */
		76B8C1D928740AC500CFC93D /* Frameworks */ = {
			isa = PBXFrameworksBuildPhase;
			buildActionMask = 2147483647;
			files = (
			);
			runOnlyForDeploymentPostprocessing = 0;
		};
/* End PBXFrameworksBuildPhase section */

/* Begin PBXGroup section */
		76B8C1D328740AC500CFC93D = {
			isa = PBXGroup;
			children = (
				76B8C1DE28740AC500CFC93D /* My_Frame */,
				76B8C1DD28740AC500CFC93D /* Products */,
			);
			sourceTree = "<group>";
		};
		76B8C1DD28740AC500CFC93D /* Products */ = {
			isa = PBXGroup;
			children = (
				76B8C1DC28740AC500CFC93D /* My_Frame.app */,
			);
			name = Products;
			sourceTree = "<group>";
		};
		76B8C1DE28740AC500CFC93D /* My_Frame */ = {
			isa = PBXGroup;
			children = (
				76B8C1DF28740AC500CFC93D /* My_FrameApp.swift */,
				76B8C1E128740AC500CFC93D /* ContentView.swift */,
				76B8C1EE28740B4100CFC93D /* FrameLayout.swift */,
				76B8C1F028741F7B00CFC93D /* FlexFrameLayout.swift */,
				76B8C1F2287519C000CFC93D /* FixedSizeLayout.swift */,
				76B8C1E328740AC600CFC93D /* Assets.xcassets */,
				76B8C1E528740AC600CFC93D /* My_Frame.entitlements */,
				76B8C1E628740AC600CFC93D /* Preview Content */,
			);
			path = My_Frame;
			sourceTree = "<group>";
		};
		76B8C1E628740AC600CFC93D /* Preview Content */ = {
			isa = PBXGroup;
			children = (
				76B8C1E728740AC600CFC93D /* Preview Assets.xcassets */,
			);
			path = "Preview Content";
			sourceTree = "<group>";
		};
/* End PBXGroup section */

/* Begin PBXNativeTarget section */
		76B8C1DB28740AC500CFC93D /* My_Frame */ = {
			isa = PBXNativeTarget;
			buildConfigurationList = 76B8C1EB28740AC600CFC93D /* Build configuration list for PBXNativeTarget "My_Frame" */;
			buildPhases = (
				76B8C1D828740AC500CFC93D /* Sources */,
				76B8C1D928740AC500CFC93D /* Frameworks */,
				76B8C1DA28740AC500CFC93D /* Resources */,
			);
			buildRules = (
			);
			dependencies = (
			);
			name = My_Frame;
			productName = My_Frame;
			productReference = 76B8C1DC28740AC500CFC93D /* My_Frame.app */;
			productType = "com.apple.product-type.application";
		};
/* End PBXNativeTarget section */

/* Begin PBXProject section */
		76B8C1D428740AC500CFC93D /* Project object */ = {
			isa = PBXProject;
			attributes = {
				BuildIndependentTargetsInParallel = 1;
				LastSwiftUpdateCheck = 1400;
				LastUpgradeCheck = 1400;
				TargetAttributes = {
					76B8C1DB28740AC500CFC93D = {
						CreatedOnToolsVersion = 14.0;
					};
				};
			};
			buildConfigurationList = 76B8C1D728740AC500CFC93D /* Build configuration list for PBXProject "My_Frame" */;
			compatibilityVersion = "Xcode 14.0";
			developmentRegion = en;
			hasScannedForEncodings = 0;
			knownRegions = (
				en,
				Base,
			);
			mainGroup = 76B8C1D328740AC500CFC93D;
			productRefGroup = 76B8C1DD28740AC500CFC93D /* Products */;
			projectDirPath = "";
			projectRoot = "";
			targets = (
				76B8C1DB28740AC500CFC93D /* My_Frame */,
			);
		};
/* End PBXProject section */

/* Begin PBXResourcesBuildPhase section */
		76B8C1DA28740AC500CFC93D /* Resources */ = {
			isa = PBXResourcesBuildPhase;
			buildActionMask = 2147483647;
			files = (
				76B8C1E828740AC600CFC93D /* Preview Assets.xcassets in Resources */,
				76B8C1E428740AC600CFC93D /* Assets.xcassets in Resources */,
			);
			runOnlyForDeploymentPostprocessing = 0;
		};
/* End PBXResourcesBuildPhase section */

/* Begin PBXSourcesBuildPhase section */
		76B8C1D828740AC500CFC93D /* Sources */ = {
			isa = PBXSourcesBuildPhase;
			buildActionMask = 2147483647;
			files = (
				76B8C1F128741F7B00CFC93D /* FlexFrameLayout.swift in Sources */,
				76B8C1EF28740B4100CFC93D /* FrameLayout.swift in Sources */,
				76B8C1E228740AC500CFC93D /* ContentView.swift in Sources */,
				76B8C1E028740AC500CFC93D /* My_FrameApp.swift in Sources */,
				76B8C1F3287519C000CFC93D /* FixedSizeLayout.swift in Sources */,
			);
			runOnlyForDeploymentPostprocessing = 0;
		};
/* End PBXSourcesBuildPhase section */

/* Begin XCBuildConfiguration section */
		76B8C1E928740AC600CFC93D /* Debug */ = {
			isa = XCBuildConfiguration;
			buildSettings = {
				ALWAYS_SEARCH_USER_PATHS = NO;
				CLANG_ANALYZER_NONNULL = YES;
				CLANG_ANALYZER_NUMBER_OBJECT_CONVERSION = YES_AGGRESSIVE;
				CLANG_CXX_LANGUAGE_STANDARD = "gnu++17";
				CLANG_ENABLE_MODULES = YES;
				CLANG_ENABLE_OBJC_ARC = YES;
				CLANG_ENABLE_OBJC_WEAK = YES;
				CLANG_WARN_BLOCK_CAPTURE_AUTORELEASING = YES;
				CLANG_WARN_BOOL_CONVERSION = YES;
				CLANG_WARN_COMMA = YES;
				CLANG_WARN_CONSTANT_CONVERSION = YES;
				CLANG_WARN_DEPRECATED_OBJC_IMPLEMENTATIONS = YES;
				CLANG_WARN_DIRECT_OBJC_ISA_USAGE = YES_ERROR;
				CLANG_WARN_DOCUMENTATION_COMMENTS = YES;
				CLANG_WARN_EMPTY_BODY = YES;
				CLANG_WARN_ENUM_CONVERSION = YES;
				CLANG_WARN_INFINITE_RECURSION = YES;
				CLANG_WARN_INT_CONVERSION = YES;
				CLANG_WARN_NON_LITERAL_NULL_CONVERSION = YES;
				CLANG_WARN_OBJC_IMPLICIT_RETAIN_SELF = YES;
				CLANG_WARN_OBJC_LITERAL_CONVERSION = YES;
				CLANG_WARN_OBJC_ROOT_CLASS = YES_ERROR;
				CLANG_WARN_QUOTED_INCLUDE_IN_FRAMEWORK_HEADER = YES;
				CLANG_WARN_RANGE_LOOP_ANALYSIS = YES;
				CLANG_WARN_STRICT_PROTOTYPES = YES;
				CLANG_WARN_SUSPICIOUS_MOVE = YES;
				CLANG_WARN_UNGUARDED_AVAILABILITY = YES_AGGRESSIVE;
				CLANG_WARN_UNREACHABLE_CODE = YES;
				CLANG_WARN__DUPLICATE_METHOD_MATCH = YES;
				COPY_PHASE_STRIP = NO;
				DEBUG_INFORMATION_FORMAT = dwarf;
				ENABLE_STRICT_OBJC_MSGSEND = YES;
				ENABLE_TESTABILITY = YES;
				GCC_C_LANGUAGE_STANDARD = gnu11;
				GCC_DYNAMIC_NO_PIC = NO;
				GCC_NO_COMMON_BLOCKS = YES;
				GCC_OPTIMIZATION_LEVEL = 0;
				GCC_PREPROCESSOR_DEFINITIONS = (
					"DEBUG=1",
					"$(inherited)",
				);
				GCC_WARN_64_TO_32_BIT_CONVERSION = YES;
				GCC_WARN_ABOUT_RETURN_TYPE = YES_ERROR;
				GCC_WARN_UNDECLARED_SELECTOR = YES;
				GCC_WARN_UNINITIALIZED_AUTOS = YES_AGGRESSIVE;
				GCC_WARN_UNUSED_FUNCTION = YES;
				GCC_WARN_UNUSED_VARIABLE = YES;
				MTL_ENABLE_DEBUG_INFO = INCLUDE_SOURCE;
				MTL_FAST_MATH = YES;
				ONLY_ACTIVE_ARCH = YES;
				SWIFT_ACTIVE_COMPILATION_CONDITIONS = DEBUG;
				SWIFT_OPTIMIZATION_LEVEL = "-Onone";
			};
			name = Debug;
		};
		76B8C1EA28740AC600CFC93D /* Release */ = {
			isa = XCBuildConfiguration;
			buildSettings = {
				ALWAYS_SEARCH_USER_PATHS = NO;
				CLANG_ANALYZER_NONNULL = YES;
				CLANG_ANALYZER_NUMBER_OBJECT_CONVERSION = YES_AGGRESSIVE;
				CLANG_CXX_LANGUAGE_STANDARD = "gnu++17";
				CLANG_ENABLE_MODULES = YES;
				CLANG_ENABLE_OBJC_ARC = YES;
				CLANG_ENABLE_OBJC_WEAK = YES;
				CLANG_WARN_BLOCK_CAPTURE_AUTORELEASING = YES;
				CLANG_WARN_BOOL_CONVERSION = YES;
				CLANG_WARN_COMMA = YES;
				CLANG_WARN_CONSTANT_CONVERSION = YES;
				CLANG_WARN_DEPRECATED_OBJC_IMPLEMENTATIONS = YES;
				CLANG_WARN_DIRECT_OBJC_ISA_USAGE = YES_ERROR;
				CLANG_WARN_DOCUMENTATION_COMMENTS = YES;
				CLANG_WARN_EMPTY_BODY = YES;
				CLANG_WARN_ENUM_CONVERSION = YES;
				CLANG_WARN_INFINITE_RECURSION = YES;
				CLANG_WARN_INT_CONVERSION = YES;
				CLANG_WARN_NON_LITERAL_NULL_CONVERSION = YES;
				CLANG_WARN_OBJC_IMPLICIT_RETAIN_SELF = YES;
				CLANG_WARN_OBJC_LITERAL_CONVERSION = YES;
				CLANG_WARN_OBJC_ROOT_CLASS = YES_ERROR;
				CLANG_WARN_QUOTED_INCLUDE_IN_FRAMEWORK_HEADER = YES;
				CLANG_WARN_RANGE_LOOP_ANALYSIS = YES;
				CLANG_WARN_STRICT_PROTOTYPES = YES;
				CLANG_WARN_SUSPICIOUS_MOVE = YES;
				CLANG_WARN_UNGUARDED_AVAILABILITY = YES_AGGRESSIVE;
				CLANG_WARN_UNREACHABLE_CODE = YES;
				CLANG_WARN__DUPLICATE_METHOD_MATCH = YES;
				COPY_PHASE_STRIP = NO;
				DEBUG_INFORMATION_FORMAT = "dwarf-with-dsym";
				ENABLE_NS_ASSERTIONS = NO;
				ENABLE_STRICT_OBJC_MSGSEND = YES;
				GCC_C_LANGUAGE_STANDARD = gnu11;
				GCC_NO_COMMON_BLOCKS = YES;
				GCC_WARN_64_TO_32_BIT_CONVERSION = YES;
				GCC_WARN_ABOUT_RETURN_TYPE = YES_ERROR;
				GCC_WARN_UNDECLARED_SELECTOR = YES;
				GCC_WARN_UNINITIALIZED_AUTOS = YES_AGGRESSIVE;
				GCC_WARN_UNUSED_FUNCTION = YES;
				GCC_WARN_UNUSED_VARIABLE = YES;
				MTL_ENABLE_DEBUG_INFO = NO;
				MTL_FAST_MATH = YES;
				SWIFT_COMPILATION_MODE = wholemodule;
				SWIFT_OPTIMIZATION_LEVEL = "-O";
			};
			name = Release;
		};
		76B8C1EC28740AC600CFC93D /* Debug */ = {
			isa = XCBuildConfiguration;
			buildSettings = {
				ASSETCATALOG_COMPILER_APPICON_NAME = AppIcon;
				ASSETCATALOG_COMPILER_GLOBAL_ACCENT_COLOR_NAME = AccentColor;
				CODE_SIGN_ENTITLEMENTS = My_Frame/My_Frame.entitlements;
				CODE_SIGN_STYLE = Automatic;
				CURRENT_PROJECT_VERSION = 1;
				DEVELOPMENT_ASSET_PATHS = "\"My_Frame/Preview Content\"";
				DEVELOPMENT_TEAM = VFBLFL665K;
				ENABLE_HARDENED_RUNTIME = YES;
				ENABLE_PREVIEWS = YES;
				GENERATE_INFOPLIST_FILE = YES;
				"INFOPLIST_KEY_UILaunchScreen_Generation[sdk=iphoneos*]" = YES;
				"INFOPLIST_KEY_UILaunchScreen_Generation[sdk=iphonesimulator*]" = YES;
				INFOPLIST_KEY_UISupportedInterfaceOrientations_iPad = "UIInterfaceOrientationPortrait UIInterfaceOrientationPortraitUpsideDown UIInterfaceOrientationLandscapeLeft UIInterfaceOrientationLandscapeRight";
				INFOPLIST_KEY_UISupportedInterfaceOrientations_iPhone = "UIInterfaceOrientationPortrait UIInterfaceOrientationLandscapeLeft UIInterfaceOrientationLandscapeRight";
				IPHONEOS_DEPLOYMENT_TARGET = 16.0;
				LD_RUNPATH_SEARCH_PATHS = "@executable_path/Frameworks";
				"LD_RUNPATH_SEARCH_PATHS[sdk=macosx*]" = "@executable_path/../Frameworks";
				MACOSX_DEPLOYMENT_TARGET = 13.0;
				MARKETING_VERSION = 1.0;
				PRODUCT_BUNDLE_IDENTIFIER = "com.fatbobman.My-Frame";
				PRODUCT_NAME = "$(TARGET_NAME)";
				SDKROOT = auto;
				SUPPORTED_PLATFORMS = "iphoneos iphonesimulator macosx";
				SWIFT_EMIT_LOC_STRINGS = YES;
				SWIFT_VERSION = 5.0;
				TARGETED_DEVICE_FAMILY = "1,2";
			};
			name = Debug;
		};
		76B8C1ED28740AC600CFC93D /* Release */ = {
			isa = XCBuildConfiguration;
			buildSettings = {
				ASSETCATALOG_COMPILER_APPICON_NAME = AppIcon;
				ASSETCATALOG_COMPILER_GLOBAL_ACCENT_COLOR_NAME = AccentColor;
				CODE_SIGN_ENTITLEMENTS = My_Frame/My_Frame.entitlements;
				CODE_SIGN_STYLE = Automatic;
				CURRENT_PROJECT_VERSION = 1;
				DEVELOPMENT_ASSET_PATHS = "\"My_Frame/Preview Content\"";
				DEVELOPMENT_TEAM = VFBLFL665K;
				ENABLE_HARDENED_RUNTIME = YES;
				ENABLE_PREVIEWS = YES;
				GENERATE_INFOPLIST_FILE = YES;
				"INFOPLIST_KEY_UILaunchScreen_Generation[sdk=iphoneos*]" = YES;
				"INFOPLIST_KEY_UILaunchScreen_Generation[sdk=iphonesimulator*]" = YES;
				INFOPLIST_KEY_UISupportedInterfaceOrientations_iPad = "UIInterfaceOrientationPortrait UIInterfaceOrientationPortraitUpsideDown UIInterfaceOrientationLandscapeLeft UIInterfaceOrientationLandscapeRight";
				INFOPLIST_KEY_UISupportedInterfaceOrientations_iPhone = "UIInterfaceOrientationPortrait UIInterfaceOrientationLandscapeLeft UIInterfaceOrientationLandscapeRight";
				IPHONEOS_DEPLOYMENT_TARGET = 16.0;
				LD_RUNPATH_SEARCH_PATHS = "@executable_path/Frameworks";
				"LD_RUNPATH_SEARCH_PATHS[sdk=macosx*]" = "@executable_path/../Frameworks";
				MACOSX_DEPLOYMENT_TARGET = 13.0;
				MARKETING_VERSION = 1.0;
				PRODUCT_BUNDLE_IDENTIFIER = "com.fatbobman.My-Frame";
				PRODUCT_NAME = "$(TARGET_NAME)";
				SDKROOT = auto;
				SUPPORTED_PLATFORMS = "iphoneos iphonesimulator macosx";
				SWIFT_EMIT_LOC_STRINGS = YES;
				SWIFT_VERSION = 5.0;
				TARGETED_DEVICE_FAMILY = "1,2";
			};
			name = Release;
		};
/* End XCBuildConfiguration section */

/* Begin XCConfigurationList section */
		76B8C1D728740AC500CFC93D /* Build configuration list for PBXProject "My_Frame" */ = {
			isa = XCConfigurationList;
			buildConfigurations = (
				76B8C1E928740AC600CFC93D /* Debug */,
				76B8C1EA28740AC600CFC93D /* Release */,
			);
			defaultConfigurationIsVisible = 0;
			defaultConfigurationName = Release;
		};
		76B8C1EB28740AC600CFC93D /* Build configuration list for PBXNativeTarget "My_Frame" */ = {
			isa = XCConfigurationList;
			buildConfigurations = (
				76B8C1EC28740AC600CFC93D /* Debug */,
				76B8C1ED28740AC600CFC93D /* Release */,
			);
			defaultConfigurationIsVisible = 0;
			defaultConfigurationName = Release;
		};
/* End XCConfigurationList section */
	};
	rootObject = 76B8C1D428740AC500CFC93D /* Project object */;
}
