{
  "pins" : [
    {
      "identity" : "swiftdatakit",
      "kind" : "remoteSourceControl",
      "location" : "https://github.com/fatbobman/SwiftDataKit.git",
      "state" : {
        "revision" : "136c34b711f5e8eccf1d11aeca8e0a14958f7b84",
        "version" : "0.1.3"
      }
    }
  ],
  "version" : 2
}
