// !$*UTF8*$!
{
	archiveVersion = 1;
	classes = {
	};
	objectVersion = 56;
	objects = {

/* Begin PBXBuildFile section */
		76EA6C32291F2C4000035E55 /* DynamicNavigationContainerApp.swift in Sources */ = {isa = PBXBuildFile; fileRef = 76EA6C31291F2C4000035E55 /* DynamicNavigationContainerApp.swift */; };
		76EA6C34291F2C4000035E55 /* ThreeColumns.swift in Sources */ = {isa = PBXBuildFile; fileRef = 76EA6C33291F2C4000035E55 /* ThreeColumns.swift */; };
		76EA6C36291F2C4100035E55 /* Assets.xcassets in Resources */ = {isa = PBXBuildFile; fileRef = 76EA6C35291F2C4100035E55 /* Assets.xcassets */; };
		76EA6C39291F2C4100035E55 /* Preview Assets.xcassets in Resources */ = {isa = PBXBuildFile; fileRef = 76EA6C38291F2C4100035E55 /* Preview Assets.xcassets */; };
		76EA6C40291F3FED00035E55 /* TwoColumns.swift in Sources */ = {isa = PBXBuildFile; fileRef = 76EA6C3F291F3FED00035E55 /* TwoColumns.swift */; };
		76EA6C44291F66B900035E55 /* AdaptiveDemo.swift in Sources */ = {isa = PBXBuildFile; fileRef = 76EA6C43291F66B900035E55 /* AdaptiveDemo.swift */; };
		76EA6C46291F810F00035E55 /* ContentView.swift in Sources */ = {isa = PBXBuildFile; fileRef = 76EA6C45291F810F00035E55 /* ContentView.swift */; };
/* End PBXBuildFile section */

/* Begin PBXFileReference section */
		76EA6C2E291F2C4000035E55 /* DynamicNavigationContainer.app */ = {isa = PBXFileReference; explicitFileType = wrapper.application; includeInIndex = 0; path = DynamicNavigationContainer.app; sourceTree = BUILT_PRODUCTS_DIR; };
		76EA6C31291F2C4000035E55 /* DynamicNavigationContainerApp.swift */ = {isa = PBXFileReference; lastKnownFileType = sourcecode.swift; path = DynamicNavigationContainerApp.swift; sourceTree = "<group>"; };
		76EA6C33291F2C4000035E55 /* ThreeColumns.swift */ = {isa = PBXFileReference; lastKnownFileType = sourcecode.swift; path = ThreeColumns.swift; sourceTree = "<group>"; };
		76EA6C35291F2C4100035E55 /* Assets.xcassets */ = {isa = PBXFileReference; lastKnownFileType = folder.assetcatalog; path = Assets.xcassets; sourceTree = "<group>"; };
		76EA6C38291F2C4100035E55 /* Preview Assets.xcassets */ = {isa = PBXFileReference; lastKnownFileType = folder.assetcatalog; path = "Preview Assets.xcassets"; sourceTree = "<group>"; };
		76EA6C3F291F3FED00035E55 /* TwoColumns.swift */ = {isa = PBXFileReference; lastKnownFileType = sourcecode.swift; path = TwoColumns.swift; sourceTree = "<group>"; };
		76EA6C43291F66B900035E55 /* AdaptiveDemo.swift */ = {isa = PBXFileReference; lastKnownFileType = sourcecode.swift; path = AdaptiveDemo.swift; sourceTree = "<group>"; };
		76EA6C45291F810F00035E55 /* ContentView.swift */ = {isa = PBXFileReference; lastKnownFileType = sourcecode.swift; path = ContentView.swift; sourceTree = "<group>"; };
/* End PBXFileReference section */

/* Begin PBXFrameworksBuildPhase section */
		76EA6C2B291F2C4000035E55 /* Frameworks */ = {
			isa = PBXFrameworksBuildPhase;
			buildActionMask = 2147483647;
			files = (
			);
			runOnlyForDeploymentPostprocessing = 0;
		};
/* End PBXFrameworksBuildPhase section */

/* Begin PBXGroup section */
		76EA6C25291F2C4000035E55 = {
			isa = PBXGroup;
			children = (
				76EA6C30291F2C4000035E55 /* DynamicNavigationContainer */,
				76EA6C2F291F2C4000035E55 /* Products */,
			);
			sourceTree = "<group>";
		};
		76EA6C2F291F2C4000035E55 /* Products */ = {
			isa = PBXGroup;
			children = (
				76EA6C2E291F2C4000035E55 /* DynamicNavigationContainer.app */,
			);
			name = Products;
			sourceTree = "<group>";
		};
		76EA6C30291F2C4000035E55 /* DynamicNavigationContainer */ = {
			isa = PBXGroup;
			children = (
				76EA6C31291F2C4000035E55 /* DynamicNavigationContainerApp.swift */,
				76EA6C33291F2C4000035E55 /* ThreeColumns.swift */,
				76EA6C3F291F3FED00035E55 /* TwoColumns.swift */,
				76EA6C43291F66B900035E55 /* AdaptiveDemo.swift */,
				76EA6C45291F810F00035E55 /* ContentView.swift */,
				76EA6C35291F2C4100035E55 /* Assets.xcassets */,
				76EA6C37291F2C4100035E55 /* Preview Content */,
			);
			path = DynamicNavigationContainer;
			sourceTree = "<group>";
		};
		76EA6C37291F2C4100035E55 /* Preview Content */ = {
			isa = PBXGroup;
			children = (
				76EA6C38291F2C4100035E55 /* Preview Assets.xcassets */,
			);
			path = "Preview Content";
			sourceTree = "<group>";
		};
/* End PBXGroup section */

/* Begin PBXNativeTarget section */
		76EA6C2D291F2C4000035E55 /* DynamicNavigationContainer */ = {
			isa = PBXNativeTarget;
			buildConfigurationList = 76EA6C3C291F2C4100035E55 /* Build configuration list for PBXNativeTarget "DynamicNavigationContainer" */;
			buildPhases = (
				76EA6C2A291F2C4000035E55 /* Sources */,
				76EA6C2B291F2C4000035E55 /* Frameworks */,
				76EA6C2C291F2C4000035E55 /* Resources */,
			);
			buildRules = (
			);
			dependencies = (
			);
			name = DynamicNavigationContainer;
			productName = DynamicNavigationContainer;
			productReference = 76EA6C2E291F2C4000035E55 /* DynamicNavigationContainer.app */;
			productType = "com.apple.product-type.application";
		};
/* End PBXNativeTarget section */

/* Begin PBXProject section */
		76EA6C26291F2C4000035E55 /* Project object */ = {
			isa = PBXProject;
			attributes = {
				BuildIndependentTargetsInParallel = 1;
				LastSwiftUpdateCheck = 1410;
				LastUpgradeCheck = 1410;
				TargetAttributes = {
					76EA6C2D291F2C4000035E55 = {
						CreatedOnToolsVersion = 14.1;
					};
				};
			};
			buildConfigurationList = 76EA6C29291F2C4000035E55 /* Build configuration list for PBXProject "DynamicNavigationContainer" */;
			compatibilityVersion = "Xcode 14.0";
			developmentRegion = en;
			hasScannedForEncodings = 0;
			knownRegions = (
				en,
				Base,
			);
			mainGroup = 76EA6C25291F2C4000035E55;
			productRefGroup = 76EA6C2F291F2C4000035E55 /* Products */;
			projectDirPath = "";
			projectRoot = "";
			targets = (
				76EA6C2D291F2C4000035E55 /* DynamicNavigationContainer */,
			);
		};
/* End PBXProject section */

/* Begin PBXResourcesBuildPhase section */
		76EA6C2C291F2C4000035E55 /* Resources */ = {
			isa = PBXResourcesBuildPhase;
			buildActionMask = 2147483647;
			files = (
				76EA6C39291F2C4100035E55 /* Preview Assets.xcassets in Resources */,
				76EA6C36291F2C4100035E55 /* Assets.xcassets in Resources */,
			);
			runOnlyForDeploymentPostprocessing = 0;
		};
/* End PBXResourcesBuildPhase section */

/* Begin PBXSourcesBuildPhase section */
		76EA6C2A291F2C4000035E55 /* Sources */ = {
			isa = PBXSourcesBuildPhase;
			buildActionMask = 2147483647;
			files = (
				76EA6C34291F2C4000035E55 /* ThreeColumns.swift in Sources */,
				76EA6C46291F810F00035E55 /* ContentView.swift in Sources */,
				76EA6C44291F66B900035E55 /* AdaptiveDemo.swift in Sources */,
				76EA6C32291F2C4000035E55 /* DynamicNavigationContainerApp.swift in Sources */,
				76EA6C40291F3FED00035E55 /* TwoColumns.swift in Sources */,
			);
			runOnlyForDeploymentPostprocessing = 0;
		};
/* End PBXSourcesBuildPhase section */

/* Begin XCBuildConfiguration section */
		76EA6C3A291F2C4100035E55 /* Debug */ = {
			isa = XCBuildConfiguration;
			buildSettings = {
				ALWAYS_SEARCH_USER_PATHS = NO;
				CLANG_ANALYZER_NONNULL = YES;
				CLANG_ANALYZER_NUMBER_OBJECT_CONVERSION = YES_AGGRESSIVE;
				CLANG_CXX_LANGUAGE_STANDARD = "gnu++20";
				CLANG_ENABLE_MODULES = YES;
				CLANG_ENABLE_OBJC_ARC = YES;
				CLANG_ENABLE_OBJC_WEAK = YES;
				CLANG_WARN_BLOCK_CAPTURE_AUTORELEASING = YES;
				CLANG_WARN_BOOL_CONVERSION = YES;
				CLANG_WARN_COMMA = YES;
				CLANG_WARN_CONSTANT_CONVERSION = YES;
				CLANG_WARN_DEPRECATED_OBJC_IMPLEMENTATIONS = YES;
				CLANG_WARN_DIRECT_OBJC_ISA_USAGE = YES_ERROR;
				CLANG_WARN_DOCUMENTATION_COMMENTS = YES;
				CLANG_WARN_EMPTY_BODY = YES;
				CLANG_WARN_ENUM_CONVERSION = YES;
				CLANG_WARN_INFINITE_RECURSION = YES;
				CLANG_WARN_INT_CONVERSION = YES;
				CLANG_WARN_NON_LITERAL_NULL_CONVERSION = YES;
				CLANG_WARN_OBJC_IMPLICIT_RETAIN_SELF = YES;
				CLANG_WARN_OBJC_LITERAL_CONVERSION = YES;
				CLANG_WARN_OBJC_ROOT_CLASS = YES_ERROR;
				CLANG_WARN_QUOTED_INCLUDE_IN_FRAMEWORK_HEADER = YES;
				CLANG_WARN_RANGE_LOOP_ANALYSIS = YES;
				CLANG_WARN_STRICT_PROTOTYPES = YES;
				CLANG_WARN_SUSPICIOUS_MOVE = YES;
				CLANG_WARN_UNGUARDED_AVAILABILITY = YES_AGGRESSIVE;
				CLANG_WARN_UNREACHABLE_CODE = YES;
				CLANG_WARN__DUPLICATE_METHOD_MATCH = YES;
				COPY_PHASE_STRIP = NO;
				DEBUG_INFORMATION_FORMAT = dwarf;
				ENABLE_STRICT_OBJC_MSGSEND = YES;
				ENABLE_TESTABILITY = YES;
				GCC_C_LANGUAGE_STANDARD = gnu11;
				GCC_DYNAMIC_NO_PIC = NO;
				GCC_NO_COMMON_BLOCKS = YES;
				GCC_OPTIMIZATION_LEVEL = 0;
				GCC_PREPROCESSOR_DEFINITIONS = (
					"DEBUG=1",
					"$(inherited)",
				);
				GCC_WARN_64_TO_32_BIT_CONVERSION = YES;
				GCC_WARN_ABOUT_RETURN_TYPE = YES_ERROR;
				GCC_WARN_UNDECLARED_SELECTOR = YES;
				GCC_WARN_UNINITIALIZED_AUTOS = YES_AGGRESSIVE;
				GCC_WARN_UNUSED_FUNCTION = YES;
				GCC_WARN_UNUSED_VARIABLE = YES;
				IPHONEOS_DEPLOYMENT_TARGET = 16.1;
				MTL_ENABLE_DEBUG_INFO = INCLUDE_SOURCE;
				MTL_FAST_MATH = YES;
				ONLY_ACTIVE_ARCH = YES;
				SDKROOT = iphoneos;
				SWIFT_ACTIVE_COMPILATION_CONDITIONS = DEBUG;
				SWIFT_OPTIMIZATION_LEVEL = "-Onone";
			};
			name = Debug;
		};
		76EA6C3B291F2C4100035E55 /* Release */ = {
			isa = XCBuildConfiguration;
			buildSettings = {
				ALWAYS_SEARCH_USER_PATHS = NO;
				CLANG_ANALYZER_NONNULL = YES;
				CLANG_ANALYZER_NUMBER_OBJECT_CONVERSION = YES_AGGRESSIVE;
				CLANG_CXX_LANGUAGE_STANDARD = "gnu++20";
				CLANG_ENABLE_MODULES = YES;
				CLANG_ENABLE_OBJC_ARC = YES;
				CLANG_ENABLE_OBJC_WEAK = YES;
				CLANG_WARN_BLOCK_CAPTURE_AUTORELEASING = YES;
				CLANG_WARN_BOOL_CONVERSION = YES;
				CLANG_WARN_COMMA = YES;
				CLANG_WARN_CONSTANT_CONVERSION = YES;
				CLANG_WARN_DEPRECATED_OBJC_IMPLEMENTATIONS = YES;
				CLANG_WARN_DIRECT_OBJC_ISA_USAGE = YES_ERROR;
				CLANG_WARN_DOCUMENTATION_COMMENTS = YES;
				CLANG_WARN_EMPTY_BODY = YES;
				CLANG_WARN_ENUM_CONVERSION = YES;
				CLANG_WARN_INFINITE_RECURSION = YES;
				CLANG_WARN_INT_CONVERSION = YES;
				CLANG_WARN_NON_LITERAL_NULL_CONVERSION = YES;
				CLANG_WARN_OBJC_IMPLICIT_RETAIN_SELF = YES;
				CLANG_WARN_OBJC_LITERAL_CONVERSION = YES;
				CLANG_WARN_OBJC_ROOT_CLASS = YES_ERROR;
				CLANG_WARN_QUOTED_INCLUDE_IN_FRAMEWORK_HEADER = YES;
				CLANG_WARN_RANGE_LOOP_ANALYSIS = YES;
				CLANG_WARN_STRICT_PROTOTYPES = YES;
				CLANG_WARN_SUSPICIOUS_MOVE = YES;
				CLANG_WARN_UNGUARDED_AVAILABILITY = YES_AGGRESSIVE;
				CLANG_WARN_UNREACHABLE_CODE = YES;
				CLANG_WARN__DUPLICATE_METHOD_MATCH = YES;
				COPY_PHASE_STRIP = NO;
				DEBUG_INFORMATION_FORMAT = "dwarf-with-dsym";
				ENABLE_NS_ASSERTIONS = NO;
				ENABLE_STRICT_OBJC_MSGSEND = YES;
				GCC_C_LANGUAGE_STANDARD = gnu11;
				GCC_NO_COMMON_BLOCKS = YES;
				GCC_WARN_64_TO_32_BIT_CONVERSION = YES;
				GCC_WARN_ABOUT_RETURN_TYPE = YES_ERROR;
				GCC_WARN_UNDECLARED_SELECTOR = YES;
				GCC_WARN_UNINITIALIZED_AUTOS = YES_AGGRESSIVE;
				GCC_WARN_UNUSED_FUNCTION = YES;
				GCC_WARN_UNUSED_VARIABLE = YES;
				IPHONEOS_DEPLOYMENT_TARGET = 16.1;
				MTL_ENABLE_DEBUG_INFO = NO;
				MTL_FAST_MATH = YES;
				SDKROOT = iphoneos;
				SWIFT_COMPILATION_MODE = wholemodule;
				SWIFT_OPTIMIZATION_LEVEL = "-O";
				VALIDATE_PRODUCT = YES;
			};
			name = Release;
		};
		76EA6C3D291F2C4100035E55 /* Debug */ = {
			isa = XCBuildConfiguration;
			buildSettings = {
				ASSETCATALOG_COMPILER_APPICON_NAME = AppIcon;
				ASSETCATALOG_COMPILER_GLOBAL_ACCENT_COLOR_NAME = AccentColor;
				CODE_SIGN_STYLE = Automatic;
				CURRENT_PROJECT_VERSION = 1;
				DEVELOPMENT_ASSET_PATHS = "\"DynamicNavigationContainer/Preview Content\"";
				DEVELOPMENT_TEAM = VFBLFL665K;
				ENABLE_PREVIEWS = YES;
				GENERATE_INFOPLIST_FILE = YES;
				INFOPLIST_KEY_UIApplicationSceneManifest_Generation = YES;
				INFOPLIST_KEY_UIApplicationSupportsIndirectInputEvents = YES;
				INFOPLIST_KEY_UILaunchScreen_Generation = YES;
				INFOPLIST_KEY_UISupportedInterfaceOrientations_iPad = "UIInterfaceOrientationPortrait UIInterfaceOrientationPortraitUpsideDown UIInterfaceOrientationLandscapeLeft UIInterfaceOrientationLandscapeRight";
				INFOPLIST_KEY_UISupportedInterfaceOrientations_iPhone = "UIInterfaceOrientationPortrait UIInterfaceOrientationLandscapeLeft UIInterfaceOrientationLandscapeRight";
				LD_RUNPATH_SEARCH_PATHS = (
					"$(inherited)",
					"@executable_path/Frameworks",
				);
				MARKETING_VERSION = 1.0;
				PRODUCT_BUNDLE_IDENTIFIER = com.fatbobman.DynamicNavigationContainer;
				PRODUCT_NAME = "$(TARGET_NAME)";
				SWIFT_EMIT_LOC_STRINGS = YES;
				SWIFT_VERSION = 5.0;
				TARGETED_DEVICE_FAMILY = "1,2";
			};
			name = Debug;
		};
		76EA6C3E291F2C4100035E55 /* Release */ = {
			isa = XCBuildConfiguration;
			buildSettings = {
				ASSETCATALOG_COMPILER_APPICON_NAME = AppIcon;
				ASSETCATALOG_COMPILER_GLOBAL_ACCENT_COLOR_NAME = AccentColor;
				CODE_SIGN_STYLE = Automatic;
				CURRENT_PROJECT_VERSION = 1;
				DEVELOPMENT_ASSET_PATHS = "\"DynamicNavigationContainer/Preview Content\"";
				DEVELOPMENT_TEAM = VFBLFL665K;
				ENABLE_PREVIEWS = YES;
				GENERATE_INFOPLIST_FILE = YES;
				INFOPLIST_KEY_UIApplicationSceneManifest_Generation = YES;
				INFOPLIST_KEY_UIApplicationSupportsIndirectInputEvents = YES;
				INFOPLIST_KEY_UILaunchScreen_Generation = YES;
				INFOPLIST_KEY_UISupportedInterfaceOrientations_iPad = "UIInterfaceOrientationPortrait UIInterfaceOrientationPortraitUpsideDown UIInterfaceOrientationLandscapeLeft UIInterfaceOrientationLandscapeRight";
				INFOPLIST_KEY_UISupportedInterfaceOrientations_iPhone = "UIInterfaceOrientationPortrait UIInterfaceOrientationLandscapeLeft UIInterfaceOrientationLandscapeRight";
				LD_RUNPATH_SEARCH_PATHS = (
					"$(inherited)",
					"@executable_path/Frameworks",
				);
				MARKETING_VERSION = 1.0;
				PRODUCT_BUNDLE_IDENTIFIER = com.fatbobman.DynamicNavigationContainer;
				PRODUCT_NAME = "$(TARGET_NAME)";
				SWIFT_EMIT_LOC_STRINGS = YES;
				SWIFT_VERSION = 5.0;
				TARGETED_DEVICE_FAMILY = "1,2";
			};
			name = Release;
		};
/* End XCBuildConfiguration section */

/* Begin XCConfigurationList section */
		76EA6C29291F2C4000035E55 /* Build configuration list for PBXProject "DynamicNavigationContainer" */ = {
			isa = XCConfigurationList;
			buildConfigurations = (
				76EA6C3A291F2C4100035E55 /* Debug */,
				76EA6C3B291F2C4100035E55 /* Release */,
			);
			defaultConfigurationIsVisible = 0;
			defaultConfigurationName = Release;
		};
		76EA6C3C291F2C4100035E55 /* Build configuration list for PBXNativeTarget "DynamicNavigationContainer" */ = {
			isa = XCConfigurationList;
			buildConfigurations = (
				76EA6C3D291F2C4100035E55 /* Debug */,
				76EA6C3E291F2C4100035E55 /* Release */,
			);
			defaultConfigurationIsVisible = 0;
			defaultConfigurationName = Release;
		};
/* End XCConfigurationList section */
	};
	rootObject = 76EA6C26291F2C4000035E55 /* Project object */;
}
