// !$*UTF8*$!
{
	archiveVersion = 1;
	classes = {
	};
	objectVersion = 56;
	objects = {

/* Begin PBXBuildFile section */
		763C5E8E29A8564E0054C86F /* LayoutInTheSwiftUIWayApp.swift in Sources */ = {isa = PBXBuildFile; fileRef = 763C5E8D29A8564E0054C86F /* LayoutInTheSwiftUIWayApp.swift */; };
		763C5E9029A8564E0054C86F /* ContentView.swift in Sources */ = {isa = PBXBuildFile; fileRef = 763C5E8F29A8564E0054C86F /* ContentView.swift */; };
		763C5E9229A856500054C86F /* Assets.xcassets in Resources */ = {isa = PBXBuildFile; fileRef = 763C5E9129A856500054C86F /* Assets.xcassets */; };
		763C5E9529A856500054C86F /* Preview Assets.xcassets in Resources */ = {isa = PBXBuildFile; fileRef = 763C5E9429A856500054C86F /* Preview Assets.xcassets */; };
		763C5E9C29A8565C0054C86F /* Share.swift in Sources */ = {isa = PBXBuildFile; fileRef = 763C5E9B29A8565C0054C86F /* Share.swift */; };
		763C5E9E29A856660054C86F /* Offset.swift in Sources */ = {isa = PBXBuildFile; fileRef = 763C5E9D29A856660054C86F /* Offset.swift */; };
		7641C87A29AD7F2A0011EFB5 /* ScrollView.swift in Sources */ = {isa = PBXBuildFile; fileRef = 7641C87929AD7F2A0011EFB5 /* ScrollView.swift */; };
		7641C88029AD8A3E0011EFB5 /* LayoutPriority.swift in Sources */ = {isa = PBXBuildFile; fileRef = 7641C87F29AD8A3E0011EFB5 /* LayoutPriority.swift */; };
		7641C88229AD8C9D0011EFB5 /* Padding.swift in Sources */ = {isa = PBXBuildFile; fileRef = 7641C88129AD8C9D0011EFB5 /* Padding.swift */; };
		7641C88429AD8D370011EFB5 /* SafeArea.swift in Sources */ = {isa = PBXBuildFile; fileRef = 7641C88329AD8D370011EFB5 /* SafeArea.swift */; };
		7641C88829AD98FF0011EFB5 /* LayoutProtocol.swift in Sources */ = {isa = PBXBuildFile; fileRef = 7641C88729AD98FF0011EFB5 /* LayoutProtocol.swift */; };
		7641C88A29ADA1690011EFB5 /* LayoutProtocolExample.swift in Sources */ = {isa = PBXBuildFile; fileRef = 7641C88929ADA1690011EFB5 /* LayoutProtocolExample.swift */; };
		76F73A4729A85BE50072510F /* Transition.swift in Sources */ = {isa = PBXBuildFile; fileRef = 76F73A4629A85BE50072510F /* Transition.swift */; };
		76F73A4929A85D9B0072510F /* Alignment.swift in Sources */ = {isa = PBXBuildFile; fileRef = 76F73A4829A85D9B0072510F /* Alignment.swift */; };
		76F73A4B29A860280072510F /* NameSpace.swift in Sources */ = {isa = PBXBuildFile; fileRef = 76F73A4A29A860280072510F /* NameSpace.swift */; };
		76F73A5129A883CB0072510F /* AlignmentWithoutGeometryReader.swift in Sources */ = {isa = PBXBuildFile; fileRef = 76F73A5029A883CB0072510F /* AlignmentWithoutGeometryReader.swift */; };
/* End PBXBuildFile section */

/* Begin PBXFileReference section */
		763C5E8A29A8564E0054C86F /* LayoutInTheSwiftUIWay.app */ = {isa = PBXFileReference; explicitFileType = wrapper.application; includeInIndex = 0; path = LayoutInTheSwiftUIWay.app; sourceTree = BUILT_PRODUCTS_DIR; };
		763C5E8D29A8564E0054C86F /* LayoutInTheSwiftUIWayApp.swift */ = {isa = PBXFileReference; lastKnownFileType = sourcecode.swift; path = LayoutInTheSwiftUIWayApp.swift; sourceTree = "<group>"; };
		763C5E8F29A8564E0054C86F /* ContentView.swift */ = {isa = PBXFileReference; lastKnownFileType = sourcecode.swift; path = ContentView.swift; sourceTree = "<group>"; };
		763C5E9129A856500054C86F /* Assets.xcassets */ = {isa = PBXFileReference; lastKnownFileType = folder.assetcatalog; path = Assets.xcassets; sourceTree = "<group>"; };
		763C5E9429A856500054C86F /* Preview Assets.xcassets */ = {isa = PBXFileReference; lastKnownFileType = folder.assetcatalog; path = "Preview Assets.xcassets"; sourceTree = "<group>"; };
		763C5E9B29A8565C0054C86F /* Share.swift */ = {isa = PBXFileReference; lastKnownFileType = sourcecode.swift; path = Share.swift; sourceTree = "<group>"; };
		763C5E9D29A856660054C86F /* Offset.swift */ = {isa = PBXFileReference; lastKnownFileType = sourcecode.swift; path = Offset.swift; sourceTree = "<group>"; };
		7641C87929AD7F2A0011EFB5 /* ScrollView.swift */ = {isa = PBXFileReference; lastKnownFileType = sourcecode.swift; path = ScrollView.swift; sourceTree = "<group>"; };
		7641C87F29AD8A3E0011EFB5 /* LayoutPriority.swift */ = {isa = PBXFileReference; lastKnownFileType = sourcecode.swift; path = LayoutPriority.swift; sourceTree = "<group>"; };
		7641C88129AD8C9D0011EFB5 /* Padding.swift */ = {isa = PBXFileReference; lastKnownFileType = sourcecode.swift; path = Padding.swift; sourceTree = "<group>"; };
		7641C88329AD8D370011EFB5 /* SafeArea.swift */ = {isa = PBXFileReference; lastKnownFileType = sourcecode.swift; path = SafeArea.swift; sourceTree = "<group>"; };
		7641C88729AD98FF0011EFB5 /* LayoutProtocol.swift */ = {isa = PBXFileReference; lastKnownFileType = sourcecode.swift; path = LayoutProtocol.swift; sourceTree = "<group>"; };
		7641C88929ADA1690011EFB5 /* LayoutProtocolExample.swift */ = {isa = PBXFileReference; lastKnownFileType = sourcecode.swift; path = LayoutProtocolExample.swift; sourceTree = "<group>"; };
		76F73A4629A85BE50072510F /* Transition.swift */ = {isa = PBXFileReference; lastKnownFileType = sourcecode.swift; path = Transition.swift; sourceTree = "<group>"; };
		76F73A4829A85D9B0072510F /* Alignment.swift */ = {isa = PBXFileReference; lastKnownFileType = sourcecode.swift; path = Alignment.swift; sourceTree = "<group>"; };
		76F73A4A29A860280072510F /* NameSpace.swift */ = {isa = PBXFileReference; lastKnownFileType = sourcecode.swift; path = NameSpace.swift; sourceTree = "<group>"; };
		76F73A5029A883CB0072510F /* AlignmentWithoutGeometryReader.swift */ = {isa = PBXFileReference; lastKnownFileType = sourcecode.swift; path = AlignmentWithoutGeometryReader.swift; sourceTree = "<group>"; };
/* End PBXFileReference section */

/* Begin PBXFrameworksBuildPhase section */
		763C5E8729A8564E0054C86F /* Frameworks */ = {
			isa = PBXFrameworksBuildPhase;
			buildActionMask = 2147483647;
			files = (
			);
			runOnlyForDeploymentPostprocessing = 0;
		};
/* End PBXFrameworksBuildPhase section */

/* Begin PBXGroup section */
		763C5E8129A8564E0054C86F = {
			isa = PBXGroup;
			children = (
				763C5E8C29A8564E0054C86F /* LayoutInTheSwiftUIWay */,
				763C5E8B29A8564E0054C86F /* Products */,
			);
			sourceTree = "<group>";
		};
		763C5E8B29A8564E0054C86F /* Products */ = {
			isa = PBXGroup;
			children = (
				763C5E8A29A8564E0054C86F /* LayoutInTheSwiftUIWay.app */,
			);
			name = Products;
			sourceTree = "<group>";
		};
		763C5E8C29A8564E0054C86F /* LayoutInTheSwiftUIWay */ = {
			isa = PBXGroup;
			children = (
				763C5E8D29A8564E0054C86F /* LayoutInTheSwiftUIWayApp.swift */,
				763C5E8F29A8564E0054C86F /* ContentView.swift */,
				763C5E9B29A8565C0054C86F /* Share.swift */,
				763C5E9D29A856660054C86F /* Offset.swift */,
				7641C88129AD8C9D0011EFB5 /* Padding.swift */,
				7641C88329AD8D370011EFB5 /* SafeArea.swift */,
				76F73A4829A85D9B0072510F /* Alignment.swift */,
				76F73A4A29A860280072510F /* NameSpace.swift */,
				7641C87929AD7F2A0011EFB5 /* ScrollView.swift */,
				7641C87F29AD8A3E0011EFB5 /* LayoutPriority.swift */,
				76F73A5029A883CB0072510F /* AlignmentWithoutGeometryReader.swift */,
				76F73A4629A85BE50072510F /* Transition.swift */,
				7641C88729AD98FF0011EFB5 /* LayoutProtocol.swift */,
				7641C88929ADA1690011EFB5 /* LayoutProtocolExample.swift */,
				763C5E9129A856500054C86F /* Assets.xcassets */,
				763C5E9329A856500054C86F /* Preview Content */,
			);
			path = LayoutInTheSwiftUIWay;
			sourceTree = "<group>";
		};
		763C5E9329A856500054C86F /* Preview Content */ = {
			isa = PBXGroup;
			children = (
				763C5E9429A856500054C86F /* Preview Assets.xcassets */,
			);
			path = "Preview Content";
			sourceTree = "<group>";
		};
/* End PBXGroup section */

/* Begin PBXNativeTarget section */
		763C5E8929A8564E0054C86F /* LayoutInTheSwiftUIWay */ = {
			isa = PBXNativeTarget;
			buildConfigurationList = 763C5E9829A856500054C86F /* Build configuration list for PBXNativeTarget "LayoutInTheSwiftUIWay" */;
			buildPhases = (
				763C5E8629A8564E0054C86F /* Sources */,
				763C5E8729A8564E0054C86F /* Frameworks */,
				763C5E8829A8564E0054C86F /* Resources */,
			);
			buildRules = (
			);
			dependencies = (
			);
			name = LayoutInTheSwiftUIWay;
			productName = LayoutInTheSwiftUIWay;
			productReference = 763C5E8A29A8564E0054C86F /* LayoutInTheSwiftUIWay.app */;
			productType = "com.apple.product-type.application";
		};
/* End PBXNativeTarget section */

/* Begin PBXProject section */
		763C5E8229A8564E0054C86F /* Project object */ = {
			isa = PBXProject;
			attributes = {
				BuildIndependentTargetsInParallel = 1;
				LastSwiftUpdateCheck = 1420;
				LastUpgradeCheck = 1420;
				TargetAttributes = {
					763C5E8929A8564E0054C86F = {
						CreatedOnToolsVersion = 14.2;
					};
				};
			};
			buildConfigurationList = 763C5E8529A8564E0054C86F /* Build configuration list for PBXProject "LayoutInTheSwiftUIWay" */;
			compatibilityVersion = "Xcode 14.0";
			developmentRegion = en;
			hasScannedForEncodings = 0;
			knownRegions = (
				en,
				Base,
			);
			mainGroup = 763C5E8129A8564E0054C86F;
			productRefGroup = 763C5E8B29A8564E0054C86F /* Products */;
			projectDirPath = "";
			projectRoot = "";
			targets = (
				763C5E8929A8564E0054C86F /* LayoutInTheSwiftUIWay */,
			);
		};
/* End PBXProject section */

/* Begin PBXResourcesBuildPhase section */
		763C5E8829A8564E0054C86F /* Resources */ = {
			isa = PBXResourcesBuildPhase;
			buildActionMask = 2147483647;
			files = (
				763C5E9529A856500054C86F /* Preview Assets.xcassets in Resources */,
				763C5E9229A856500054C86F /* Assets.xcassets in Resources */,
			);
			runOnlyForDeploymentPostprocessing = 0;
		};
/* End PBXResourcesBuildPhase section */

/* Begin PBXSourcesBuildPhase section */
		763C5E8629A8564E0054C86F /* Sources */ = {
			isa = PBXSourcesBuildPhase;
			buildActionMask = 2147483647;
			files = (
				76F73A4729A85BE50072510F /* Transition.swift in Sources */,
				7641C88829AD98FF0011EFB5 /* LayoutProtocol.swift in Sources */,
				7641C88A29ADA1690011EFB5 /* LayoutProtocolExample.swift in Sources */,
				76F73A5129A883CB0072510F /* AlignmentWithoutGeometryReader.swift in Sources */,
				7641C88429AD8D370011EFB5 /* SafeArea.swift in Sources */,
				76F73A4929A85D9B0072510F /* Alignment.swift in Sources */,
				7641C88029AD8A3E0011EFB5 /* LayoutPriority.swift in Sources */,
				763C5E9029A8564E0054C86F /* ContentView.swift in Sources */,
				763C5E9C29A8565C0054C86F /* Share.swift in Sources */,
				76F73A4B29A860280072510F /* NameSpace.swift in Sources */,
				763C5E9E29A856660054C86F /* Offset.swift in Sources */,
				763C5E8E29A8564E0054C86F /* LayoutInTheSwiftUIWayApp.swift in Sources */,
				7641C88229AD8C9D0011EFB5 /* Padding.swift in Sources */,
				7641C87A29AD7F2A0011EFB5 /* ScrollView.swift in Sources */,
			);
			runOnlyForDeploymentPostprocessing = 0;
		};
/* End PBXSourcesBuildPhase section */

/* Begin XCBuildConfiguration section */
		763C5E9629A856500054C86F /* Debug */ = {
			isa = XCBuildConfiguration;
			buildSettings = {
				ALWAYS_SEARCH_USER_PATHS = NO;
				CLANG_ANALYZER_NONNULL = YES;
				CLANG_ANALYZER_NUMBER_OBJECT_CONVERSION = YES_AGGRESSIVE;
				CLANG_CXX_LANGUAGE_STANDARD = "gnu++20";
				CLANG_ENABLE_MODULES = YES;
				CLANG_ENABLE_OBJC_ARC = YES;
				CLANG_ENABLE_OBJC_WEAK = YES;
				CLANG_WARN_BLOCK_CAPTURE_AUTORELEASING = YES;
				CLANG_WARN_BOOL_CONVERSION = YES;
				CLANG_WARN_COMMA = YES;
				CLANG_WARN_CONSTANT_CONVERSION = YES;
				CLANG_WARN_DEPRECATED_OBJC_IMPLEMENTATIONS = YES;
				CLANG_WARN_DIRECT_OBJC_ISA_USAGE = YES_ERROR;
				CLANG_WARN_DOCUMENTATION_COMMENTS = YES;
				CLANG_WARN_EMPTY_BODY = YES;
				CLANG_WARN_ENUM_CONVERSION = YES;
				CLANG_WARN_INFINITE_RECURSION = YES;
				CLANG_WARN_INT_CONVERSION = YES;
				CLANG_WARN_NON_LITERAL_NULL_CONVERSION = YES;
				CLANG_WARN_OBJC_IMPLICIT_RETAIN_SELF = YES;
				CLANG_WARN_OBJC_LITERAL_CONVERSION = YES;
				CLANG_WARN_OBJC_ROOT_CLASS = YES_ERROR;
				CLANG_WARN_QUOTED_INCLUDE_IN_FRAMEWORK_HEADER = YES;
				CLANG_WARN_RANGE_LOOP_ANALYSIS = YES;
				CLANG_WARN_STRICT_PROTOTYPES = YES;
				CLANG_WARN_SUSPICIOUS_MOVE = YES;
				CLANG_WARN_UNGUARDED_AVAILABILITY = YES_AGGRESSIVE;
				CLANG_WARN_UNREACHABLE_CODE = YES;
				CLANG_WARN__DUPLICATE_METHOD_MATCH = YES;
				COPY_PHASE_STRIP = NO;
				DEBUG_INFORMATION_FORMAT = dwarf;
				ENABLE_STRICT_OBJC_MSGSEND = YES;
				ENABLE_TESTABILITY = YES;
				GCC_C_LANGUAGE_STANDARD = gnu11;
				GCC_DYNAMIC_NO_PIC = NO;
				GCC_NO_COMMON_BLOCKS = YES;
				GCC_OPTIMIZATION_LEVEL = 0;
				GCC_PREPROCESSOR_DEFINITIONS = (
					"DEBUG=1",
					"$(inherited)",
				);
				GCC_WARN_64_TO_32_BIT_CONVERSION = YES;
				GCC_WARN_ABOUT_RETURN_TYPE = YES_ERROR;
				GCC_WARN_UNDECLARED_SELECTOR = YES;
				GCC_WARN_UNINITIALIZED_AUTOS = YES_AGGRESSIVE;
				GCC_WARN_UNUSED_FUNCTION = YES;
				GCC_WARN_UNUSED_VARIABLE = YES;
				IPHONEOS_DEPLOYMENT_TARGET = 16.2;
				MTL_ENABLE_DEBUG_INFO = INCLUDE_SOURCE;
				MTL_FAST_MATH = YES;
				ONLY_ACTIVE_ARCH = YES;
				SDKROOT = iphoneos;
				SWIFT_ACTIVE_COMPILATION_CONDITIONS = DEBUG;
				SWIFT_OPTIMIZATION_LEVEL = "-Onone";
			};
			name = Debug;
		};
		763C5E9729A856500054C86F /* Release */ = {
			isa = XCBuildConfiguration;
			buildSettings = {
				ALWAYS_SEARCH_USER_PATHS = NO;
				CLANG_ANALYZER_NONNULL = YES;
				CLANG_ANALYZER_NUMBER_OBJECT_CONVERSION = YES_AGGRESSIVE;
				CLANG_CXX_LANGUAGE_STANDARD = "gnu++20";
				CLANG_ENABLE_MODULES = YES;
				CLANG_ENABLE_OBJC_ARC = YES;
				CLANG_ENABLE_OBJC_WEAK = YES;
				CLANG_WARN_BLOCK_CAPTURE_AUTORELEASING = YES;
				CLANG_WARN_BOOL_CONVERSION = YES;
				CLANG_WARN_COMMA = YES;
				CLANG_WARN_CONSTANT_CONVERSION = YES;
				CLANG_WARN_DEPRECATED_OBJC_IMPLEMENTATIONS = YES;
				CLANG_WARN_DIRECT_OBJC_ISA_USAGE = YES_ERROR;
				CLANG_WARN_DOCUMENTATION_COMMENTS = YES;
				CLANG_WARN_EMPTY_BODY = YES;
				CLANG_WARN_ENUM_CONVERSION = YES;
				CLANG_WARN_INFINITE_RECURSION = YES;
				CLANG_WARN_INT_CONVERSION = YES;
				CLANG_WARN_NON_LITERAL_NULL_CONVERSION = YES;
				CLANG_WARN_OBJC_IMPLICIT_RETAIN_SELF = YES;
				CLANG_WARN_OBJC_LITERAL_CONVERSION = YES;
				CLANG_WARN_OBJC_ROOT_CLASS = YES_ERROR;
				CLANG_WARN_QUOTED_INCLUDE_IN_FRAMEWORK_HEADER = YES;
				CLANG_WARN_RANGE_LOOP_ANALYSIS = YES;
				CLANG_WARN_STRICT_PROTOTYPES = YES;
				CLANG_WARN_SUSPICIOUS_MOVE = YES;
				CLANG_WARN_UNGUARDED_AVAILABILITY = YES_AGGRESSIVE;
				CLANG_WARN_UNREACHABLE_CODE = YES;
				CLANG_WARN__DUPLICATE_METHOD_MATCH = YES;
				COPY_PHASE_STRIP = NO;
				DEBUG_INFORMATION_FORMAT = "dwarf-with-dsym";
				ENABLE_NS_ASSERTIONS = NO;
				ENABLE_STRICT_OBJC_MSGSEND = YES;
				GCC_C_LANGUAGE_STANDARD = gnu11;
				GCC_NO_COMMON_BLOCKS = YES;
				GCC_WARN_64_TO_32_BIT_CONVERSION = YES;
				GCC_WARN_ABOUT_RETURN_TYPE = YES_ERROR;
				GCC_WARN_UNDECLARED_SELECTOR = YES;
				GCC_WARN_UNINITIALIZED_AUTOS = YES_AGGRESSIVE;
				GCC_WARN_UNUSED_FUNCTION = YES;
				GCC_WARN_UNUSED_VARIABLE = YES;
				IPHONEOS_DEPLOYMENT_TARGET = 16.2;
				MTL_ENABLE_DEBUG_INFO = NO;
				MTL_FAST_MATH = YES;
				SDKROOT = iphoneos;
				SWIFT_COMPILATION_MODE = wholemodule;
				SWIFT_OPTIMIZATION_LEVEL = "-O";
				VALIDATE_PRODUCT = YES;
			};
			name = Release;
		};
		763C5E9929A856500054C86F /* Debug */ = {
			isa = XCBuildConfiguration;
			buildSettings = {
				ASSETCATALOG_COMPILER_APPICON_NAME = AppIcon;
				ASSETCATALOG_COMPILER_GLOBAL_ACCENT_COLOR_NAME = AccentColor;
				CODE_SIGN_STYLE = Automatic;
				CURRENT_PROJECT_VERSION = 1;
				DEVELOPMENT_ASSET_PATHS = "\"LayoutInTheSwiftUIWay/Preview Content\"";
				DEVELOPMENT_TEAM = VFBLFL665K;
				ENABLE_PREVIEWS = YES;
				GENERATE_INFOPLIST_FILE = YES;
				INFOPLIST_KEY_UIApplicationSceneManifest_Generation = YES;
				INFOPLIST_KEY_UIApplicationSupportsIndirectInputEvents = YES;
				INFOPLIST_KEY_UILaunchScreen_Generation = YES;
				INFOPLIST_KEY_UISupportedInterfaceOrientations_iPad = "UIInterfaceOrientationPortrait UIInterfaceOrientationPortraitUpsideDown UIInterfaceOrientationLandscapeLeft UIInterfaceOrientationLandscapeRight";
				INFOPLIST_KEY_UISupportedInterfaceOrientations_iPhone = "UIInterfaceOrientationPortrait UIInterfaceOrientationLandscapeLeft UIInterfaceOrientationLandscapeRight";
				LD_RUNPATH_SEARCH_PATHS = (
					"$(inherited)",
					"@executable_path/Frameworks",
				);
				MARKETING_VERSION = 1.0;
				PRODUCT_BUNDLE_IDENTIFIER = com.fatbobman.LayoutInTheSwiftUIWay;
				PRODUCT_NAME = "$(TARGET_NAME)";
				SWIFT_EMIT_LOC_STRINGS = YES;
				SWIFT_VERSION = 5.0;
				TARGETED_DEVICE_FAMILY = "1,2";
			};
			name = Debug;
		};
		763C5E9A29A856500054C86F /* Release */ = {
			isa = XCBuildConfiguration;
			buildSettings = {
				ASSETCATALOG_COMPILER_APPICON_NAME = AppIcon;
				ASSETCATALOG_COMPILER_GLOBAL_ACCENT_COLOR_NAME = AccentColor;
				CODE_SIGN_STYLE = Automatic;
				CURRENT_PROJECT_VERSION = 1;
				DEVELOPMENT_ASSET_PATHS = "\"LayoutInTheSwiftUIWay/Preview Content\"";
				DEVELOPMENT_TEAM = VFBLFL665K;
				ENABLE_PREVIEWS = YES;
				GENERATE_INFOPLIST_FILE = YES;
				INFOPLIST_KEY_UIApplicationSceneManifest_Generation = YES;
				INFOPLIST_KEY_UIApplicationSupportsIndirectInputEvents = YES;
				INFOPLIST_KEY_UILaunchScreen_Generation = YES;
				INFOPLIST_KEY_UISupportedInterfaceOrientations_iPad = "UIInterfaceOrientationPortrait UIInterfaceOrientationPortraitUpsideDown UIInterfaceOrientationLandscapeLeft UIInterfaceOrientationLandscapeRight";
				INFOPLIST_KEY_UISupportedInterfaceOrientations_iPhone = "UIInterfaceOrientationPortrait UIInterfaceOrientationLandscapeLeft UIInterfaceOrientationLandscapeRight";
				LD_RUNPATH_SEARCH_PATHS = (
					"$(inherited)",
					"@executable_path/Frameworks",
				);
				MARKETING_VERSION = 1.0;
				PRODUCT_BUNDLE_IDENTIFIER = com.fatbobman.LayoutInTheSwiftUIWay;
				PRODUCT_NAME = "$(TARGET_NAME)";
				SWIFT_EMIT_LOC_STRINGS = YES;
				SWIFT_VERSION = 5.0;
				TARGETED_DEVICE_FAMILY = "1,2";
			};
			name = Release;
		};
/* End XCBuildConfiguration section */

/* Begin XCConfigurationList section */
		763C5E8529A8564E0054C86F /* Build configuration list for PBXProject "LayoutInTheSwiftUIWay" */ = {
			isa = XCConfigurationList;
			buildConfigurations = (
				763C5E9629A856500054C86F /* Debug */,
				763C5E9729A856500054C86F /* Release */,
			);
			defaultConfigurationIsVisible = 0;
			defaultConfigurationName = Release;
		};
		763C5E9829A856500054C86F /* Build configuration list for PBXNativeTarget "LayoutInTheSwiftUIWay" */ = {
			isa = XCConfigurationList;
			buildConfigurations = (
				763C5E9929A856500054C86F /* Debug */,
				763C5E9A29A856500054C86F /* Release */,
			);
			defaultConfigurationIsVisible = 0;
			defaultConfigurationName = Release;
		};
/* End XCConfigurationList section */
	};
	rootObject = 763C5E8229A8564E0054C86F /* Project object */;
}
